// !$*UTF8*$!
{
	archiveVersion = 1;
	classes = {
	};
	objectVersion = 46;
	objects = {

/* Begin PBXBuildFile section */
		63843AB2104120A300D29404 /* ControllerKit.h in Headers */ = {isa = PBXBuildFile; fileRef = 63894BEB103BD5C1007C9CC9 /* ControllerKit.h */; settings = {ATTRIBUTES = (Public, ); }; };
		63843AB61041212000D29404 /* Foundation.framework in Frameworks */ = {isa = PBXBuildFile; fileRef = AACBBE490F95108600F1A2B1 /* Foundation.framework */; };
		63843ACD1041218700D29404 /* SenTestingKit.framework in Frameworks */ = {isa = PBXBuildFile; fileRef = 63843AB91041214400D29404 /* SenTestingKit.framework */; };
		63BE2E6410CB0E8B00FBB27C /* UXArrayController.h in Headers */ = {isa = PBXBuildFile; fileRef = 63BE2E5F10CB0E8B00FBB27C /* UXArrayController.h */; settings = {ATTRIBUTES = (Public, ); }; };
		63BE2E6510CB0E8B00FBB27C /* UXArrayController.m in Sources */ = {isa = PBXBuildFile; fileRef = 63BE2E6010CB0E8B00FBB27C /* UXArrayController.m */; };
		63BE2E6610CB0E8B00FBB27C /* UXController.h in Headers */ = {isa = PBXBuildFile; fileRef = 63BE2E6110CB0E8B00FBB27C /* UXController.h */; settings = {ATTRIBUTES = (Public, ); }; };
		63BE2E6710CB0E8B00FBB27C /* UXObjectController.h in Headers */ = {isa = PBXBuildFile; fileRef = 63BE2E6210CB0E8B00FBB27C /* UXObjectController.h */; settings = {ATTRIBUTES = (Public, ); }; };
		63BE2E6810CB0E8B00FBB27C /* UXObjectController.m in Sources */ = {isa = PBXBuildFile; fileRef = 63BE2E6310CB0E8B00FBB27C /* UXObjectController.m */; };
		63BE2E8910CB18EC00FBB27C /* CoreData.framework in Frameworks */ = {isa = PBXBuildFile; fileRef = 63BE2E8810CB18EC00FBB27C /* CoreData.framework */; };
		63BE2EA510CB18FE00FBB27C /* CoreData.framework in Frameworks */ = {isa = PBXBuildFile; fileRef = 63BE2E8810CB18EC00FBB27C /* CoreData.framework */; };
		63BE2EB210CB193500FBB27C /* UXObjectControllerTest.m in Sources */ = {isa = PBXBuildFile; fileRef = 63BE2E8610CB18D300FBB27C /* UXObjectControllerTest.m */; };
		63BE2F9110CB5A6000FBB27C /* UXArrayControllerTest.m in Sources */ = {isa = PBXBuildFile; fileRef = 63BE2F8F10CB5A5A00FBB27C /* UXArrayControllerTest.m */; };
		AACBBE4A0F95108600F1A2B1 /* Foundation.framework in Frameworks */ = {isa = PBXBuildFile; fileRef = AACBBE490F95108600F1A2B1 /* Foundation.framework */; };
/* End PBXBuildFile section */

/* Begin PBXContainerItemProxy section */
		63843AB3104120FE00D29404 /* PBXContainerItemProxy */ = {
			isa = PBXContainerItemProxy;
			containerPortal = 0867D690FE84028FC02AAC07 /* Project object */;
			proxyType = 1;
			remoteGlobalIDString = D2AAC07D0554694100DB518D;
			remoteInfo = ControllerKit;
		};
/* End PBXContainerItemProxy section */

/* Begin PBXFileReference section */
		63843AB91041214400D29404 /* SenTestingKit.framework */ = {isa = PBXFileReference; lastKnownFileType = wrapper.framework; name = SenTestingKit.framework; path = Developer/Library/Frameworks/SenTestingKit.framework; sourceTree = SDKROOT; };
		63843ADE10412D8800D29404 /* ControllerKit.bundle */ = {isa = PBXFileReference; lastKnownFileType = "wrapper.plug-in"; name = ControllerKit.bundle; path = Source/Resources/Bundles/ControllerKit.bundle; sourceTree = SOURCE_ROOT; };
		63894BE4103BD59B007C9CC9 /* Library.xcconfig */ = {isa = PBXFileReference; fileEncoding = 4; lastKnownFileType = text.xcconfig; name = Library.xcconfig; path = Configurations/Library.xcconfig; sourceTree = SOURCE_ROOT; };
		63894BE5103BD59B007C9CC9 /* Project.xcconfig */ = {isa = PBXFileReference; fileEncoding = 4; lastKnownFileType = text.xcconfig; name = Project.xcconfig; path = Configurations/Project.xcconfig; sourceTree = SOURCE_ROOT; };
		63894BE6103BD59B007C9CC9 /* UnitTests.xcconfig */ = {isa = PBXFileReference; fileEncoding = 4; lastKnownFileType = text.xcconfig; name = UnitTests.xcconfig; path = Configurations/UnitTests.xcconfig; sourceTree = SOURCE_ROOT; };
		63894BEB103BD5C1007C9CC9 /* ControllerKit.h */ = {isa = PBXFileReference; fileEncoding = 4; lastKnownFileType = sourcecode.c.h; name = ControllerKit.h; path = Source/Project/ControllerKit.h; sourceTree = SOURCE_ROOT; };
		63894BF5103BE15E007C9CC9 /* UnitTests-Info.plist */ = {isa = PBXFileReference; fileEncoding = 4; lastKnownFileType = text.plist.xml; name = "UnitTests-Info.plist"; path = "Source/UnitTests/Resources/PropertyLists/UnitTests-Info.plist"; sourceTree = SOURCE_ROOT; };
		63894BFB103BE194007C9CC9 /* ControllerKitUnitTests.octest */ = {isa = PBXFileReference; explicitFileType = wrapper.cfbundle; includeInIndex = 0; path = ControllerKitUnitTests.octest; sourceTree = BUILT_PRODUCTS_DIR; };
		63B6A8911041465B0049EC9C /* Settings.xcconfig */ = {isa = PBXFileReference; fileEncoding = 4; lastKnownFileType = text.xcconfig; name = Settings.xcconfig; path = Configurations/Settings.xcconfig; sourceTree = SOURCE_ROOT; };
		63BE2E5F10CB0E8B00FBB27C /* UXArrayController.h */ = {isa = PBXFileReference; fileEncoding = 4; lastKnownFileType = sourcecode.c.h; name = UXArrayController.h; path = Source/Classes/Controller/UXArrayController.h; sourceTree = SOURCE_ROOT; };
		63BE2E6010CB0E8B00FBB27C /* UXArrayController.m */ = {isa = PBXFileReference; fileEncoding = 4; lastKnownFileType = sourcecode.c.objc; name = UXArrayController.m; path = Source/Classes/Controller/UXArrayController.m; sourceTree = SOURCE_ROOT; };
		63BE2E6110CB0E8B00FBB27C /* UXController.h */ = {isa = PBXFileReference; fileEncoding = 4; lastKnownFileType = sourcecode.c.h; name = UXController.h; path = Source/Classes/Controller/UXController.h; sourceTree = SOURCE_ROOT; };
		63BE2E6210CB0E8B00FBB27C /* UXObjectController.h */ = {isa = PBXFileReference; fileEncoding = 4; lastKnownFileType = sourcecode.c.h; name = UXObjectController.h; path = Source/Classes/Controller/UXObjectController.h; sourceTree = SOURCE_ROOT; };
		63BE2E6310CB0E8B00FBB27C /* UXObjectController.m */ = {isa = PBXFileReference; fileEncoding = 4; lastKnownFileType = sourcecode.c.objc; name = UXObjectController.m; path = Source/Classes/Controller/UXObjectController.m; sourceTree = SOURCE_ROOT; };
		63BE2E8610CB18D300FBB27C /* UXObjectControllerTest.m */ = {isa = PBXFileReference; fileEncoding = 4; lastKnownFileType = sourcecode.c.objc; path = UXObjectControllerTest.m; sourceTree = "<group>"; };
		63BE2E8810CB18EC00FBB27C /* CoreData.framework */ = {isa = PBXFileReference; lastKnownFileType = wrapper.framework; name = CoreData.framework; path = System/Library/Frameworks/CoreData.framework; sourceTree = SDKROOT; };
		63BE2F8F10CB5A5A00FBB27C /* UXArrayControllerTest.m */ = {isa = PBXFileReference; fileEncoding = 4; lastKnownFileType = sourcecode.c.objc; path = UXArrayControllerTest.m; sourceTree = "<group>"; };
		AACBBE490F95108600F1A2B1 /* Foundation.framework */ = {isa = PBXFileReference; lastKnownFileType = wrapper.framework; name = Foundation.framework; path = System/Library/Frameworks/Foundation.framework; sourceTree = SDKROOT; };
		D2AAC07E0554694100DB518D /* libControllerKit.a */ = {isa = PBXFileReference; explicitFileType = archive.ar; includeInIndex = 0; path = libControllerKit.a; sourceTree = BUILT_PRODUCTS_DIR; };
/* End PBXFileReference section */

/* Begin PBXFrameworksBuildPhase section */
		63894BF8103BE194007C9CC9 /* Frameworks */ = {
			isa = PBXFrameworksBuildPhase;
			buildActionMask = 2147483647;
			files = (
				63843AB61041212000D29404 /* Foundation.framework in Frameworks */,
				63843ACD1041218700D29404 /* SenTestingKit.framework in Frameworks */,
				63BE2EA510CB18FE00FBB27C /* CoreData.framework in Frameworks */,
			);
			runOnlyForDeploymentPostprocessing = 0;
		};
		D2AAC07C0554694100DB518D /* Frameworks */ = {
			isa = PBXFrameworksBuildPhase;
			buildActionMask = 2147483647;
			files = (
				AACBBE4A0F95108600F1A2B1 /* Foundation.framework in Frameworks */,
				63BE2E8910CB18EC00FBB27C /* CoreData.framework in Frameworks */,
			);
			runOnlyForDeploymentPostprocessing = 0;
		};
/* End PBXFrameworksBuildPhase section */

/* Begin PBXGroup section */
		034768DFFF38A50411DB9C8B /* Products */ = {
			isa = PBXGroup;
			children = (
				D2AAC07E0554694100DB518D /* libControllerKit.a */,
				63894BFB103BE194007C9CC9 /* ControllerKitUnitTests.octest */,
			);
			name = Products;
			sourceTree = "<group>";
		};
		0867D691FE84028FC02AAC07 /* ControllerKit */ = {
			isa = PBXGroup;
			children = (
				034768DFFF38A50411DB9C8B /* Products */,
				63894BE0103BD587007C9CC9 /* References */,
				63894BE2103BD59B007C9CC9 /* Configurations */,
				63894BEC103BD5C1007C9CC9 /* Resources */,
				63894BEA103BD5C1007C9CC9 /* Project */,
				63894BF0103BE15E007C9CC9 /* UnitTests */,
				63894BE9103BD5C1007C9CC9 /* Classes */,
			);
			name = ControllerKit;
			sourceTree = "<group>";
		};
		0867D69AFE84028FC02AAC07 /* Frameworks */ = {
			isa = PBXGroup;
			children = (
				AACBBE490F95108600F1A2B1 /* Foundation.framework */,
				63BE2E8810CB18EC00FBB27C /* CoreData.framework */,
			);
			name = Frameworks;
			sourceTree = "<group>";
		};
		63843AB11041209C00D29404 /* Fixtures */ = {
			isa = PBXGroup;
			children = (
			);
			name = Fixtures;
			path = Source/UnitTests/Resources/Fixtures;
			sourceTree = SOURCE_ROOT;
		};
		63843AB71041212700D29404 /* UnitTest */ = {
			isa = PBXGroup;
			children = (
				63843AB91041214400D29404 /* SenTestingKit.framework */,
			);
			name = UnitTest;
			sourceTree = "<group>";
		};
		63843AB81041213200D29404 /* Project */ = {
			isa = PBXGroup;
			children = (
			);
			name = Project;
			sourceTree = "<group>";
		};
		63894BE0103BD587007C9CC9 /* References */ = {
			isa = PBXGroup;
			children = (
				0867D69AFE84028FC02AAC07 /* Frameworks */,
				63894C11103BE467007C9CC9 /* Libraries */,
				63843AB81041213200D29404 /* Project */,
				63843AB71041212700D29404 /* UnitTest */,
			);
			name = References;
			sourceTree = "<group>";
		};
		63894BE2103BD59B007C9CC9 /* Configurations */ = {
			isa = PBXGroup;
			children = (
				63B6A8911041465B0049EC9C /* Settings.xcconfig */,
				63894BE5103BD59B007C9CC9 /* Project.xcconfig */,
				63894BE4103BD59B007C9CC9 /* Library.xcconfig */,
				63894BE6103BD59B007C9CC9 /* UnitTests.xcconfig */,
			);
			path = Configurations;
			sourceTree = SOURCE_ROOT;
		};
		63894BE9103BD5C1007C9CC9 /* Classes */ = {
			isa = PBXGroup;
			children = (
				63BE2E5D10CB0E8B00FBB27C /* Binding */,
				63BE2E5E10CB0E8B00FBB27C /* Controller */,
			);
			name = Classes;
			path = Source/Classes;
			sourceTree = SOURCE_ROOT;
		};
		63894BEA103BD5C1007C9CC9 /* Project */ = {
			isa = PBXGroup;
			children = (
				63894BEB103BD5C1007C9CC9 /* ControllerKit.h */,
			);
			name = Project;
			path = Source/Project;
			sourceTree = SOURCE_ROOT;
		};
		63894BEC103BD5C1007C9CC9 /* Resources */ = {
			isa = PBXGroup;
			children = (
				63894BED103BD5C1007C9CC9 /* Bundles */,
			);
			name = Resources;
			path = Source/Resources;
			sourceTree = SOURCE_ROOT;
		};
		63894BED103BD5C1007C9CC9 /* Bundles */ = {
			isa = PBXGroup;
			children = (
				63843ADE10412D8800D29404 /* ControllerKit.bundle */,
			);
			name = Bundles;
			path = Source/Resources/Bundles;
			sourceTree = SOURCE_ROOT;
		};
		63894BF0103BE15E007C9CC9 /* UnitTests */ = {
			isa = PBXGroup;
			children = (
				63894BF1103BE15E007C9CC9 /* Classes */,
				63894BF2103BE15E007C9CC9 /* Resources */,
			);
			name = UnitTests;
			path = Source/UnitTests;
			sourceTree = SOURCE_ROOT;
		};
		63894BF1103BE15E007C9CC9 /* Classes */ = {
			isa = PBXGroup;
			children = (
				63BE2E8610CB18D300FBB27C /* UXObjectControllerTest.m */,
				63BE2F8F10CB5A5A00FBB27C /* UXArrayControllerTest.m */,
			);
			name = Classes;
			path = Source/UnitTests/Classes;
			sourceTree = SOURCE_ROOT;
		};
		63894BF2103BE15E007C9CC9 /* Resources */ = {
			isa = PBXGroup;
			children = (
				63843AB11041209C00D29404 /* Fixtures */,
				63894BF4103BE15E007C9CC9 /* PropertyLists */,
			);
			name = Resources;
			path = Source/UnitTests/Resources;
			sourceTree = SOURCE_ROOT;
		};
		63894BF4103BE15E007C9CC9 /* PropertyLists */ = {
			isa = PBXGroup;
			children = (
				63894BF5103BE15E007C9CC9 /* UnitTests-Info.plist */,
			);
			name = PropertyLists;
			path = Source/UnitTests/Resources/PropertyLists;
			sourceTree = SOURCE_ROOT;
		};
		63894C11103BE467007C9CC9 /* Libraries */ = {
			isa = PBXGroup;
			children = (
			);
			name = Libraries;
			sourceTree = "<group>";
		};
		63BE2E5D10CB0E8B00FBB27C /* Binding */ = {
			isa = PBXGroup;
			children = (
			);
			name = Binding;
			path = Source/Classes/Binding;
			sourceTree = SOURCE_ROOT;
		};
		63BE2E5E10CB0E8B00FBB27C /* Controller */ = {
			isa = PBXGroup;
			children = (
				63BE2E6110CB0E8B00FBB27C /* UXController.h */,
				63BE2E6210CB0E8B00FBB27C /* UXObjectController.h */,
				63BE2E5F10CB0E8B00FBB27C /* UXArrayController.h */,
				63BE2E6010CB0E8B00FBB27C /* UXArrayController.m */,
				63BE2E6310CB0E8B00FBB27C /* UXObjectController.m */,
			);
			name = Controller;
			path = Source/Classes/Controller;
			sourceTree = SOURCE_ROOT;
		};
/* End PBXGroup section */

/* Begin PBXHeadersBuildPhase section */
		D2AAC07A0554694100DB518D /* Headers */ = {
			isa = PBXHeadersBuildPhase;
			buildActionMask = 2147483647;
			files = (
				63843AB2104120A300D29404 /* ControllerKit.h in Headers */,
				63BE2E6410CB0E8B00FBB27C /* UXArrayController.h in Headers */,
				63BE2E6610CB0E8B00FBB27C /* UXController.h in Headers */,
				63BE2E6710CB0E8B00FBB27C /* UXObjectController.h in Headers */,
			);
			runOnlyForDeploymentPostprocessing = 0;
		};
/* End PBXHeadersBuildPhase section */

/* Begin PBXNativeTarget section */
		63894BFA103BE194007C9CC9 /* ControllerKitUnitTests */ = {
			isa = PBXNativeTarget;
			buildConfigurationList = 63894BFF103BE195007C9CC9 /* Build configuration list for PBXNativeTarget "ControllerKitUnitTests" */;
			buildPhases = (
				63894BF6103BE194007C9CC9 /* Resources */,
				63894BF7103BE194007C9CC9 /* Sources */,
				63894BF8103BE194007C9CC9 /* Frameworks */,
				63894BF9103BE194007C9CC9 /* ShellScript */,
			);
			buildRules = (
			);
			dependencies = (
				63843AB4104120FE00D29404 /* PBXTargetDependency */,
			);
			name = ControllerKitUnitTests;
			productName = ControllerKitUnitTests;
			productReference = 63894BFB103BE194007C9CC9 /* ControllerKitUnitTests.octest */;
			productType = "com.apple.product-type.bundle";
		};
		D2AAC07D0554694100DB518D /* ControllerKit */ = {
			isa = PBXNativeTarget;
			buildConfigurationList = 1DEB921E08733DC00010E9CD /* Build configuration list for PBXNativeTarget "ControllerKit" */;
			buildPhases = (
				D2AAC07A0554694100DB518D /* Headers */,
				D2AAC07B0554694100DB518D /* Sources */,
				D2AAC07C0554694100DB518D /* Frameworks */,
				63843AD0104121F600D29404 /* Deploy Library */,
			);
			buildRules = (
			);
			dependencies = (
			);
			name = ControllerKit;
			productName = ControllerKit;
			productReference = D2AAC07E0554694100DB518D /* libControllerKit.a */;
			productType = "com.apple.product-type.library.static";
		};
/* End PBXNativeTarget section */

/* Begin PBXProject section */
		0867D690FE84028FC02AAC07 /* Project object */ = {
			isa = PBXProject;
			attributes = {
				ORGANIZATIONNAME = semantap;
			};
			buildConfigurationList = 1DEB922208733DC00010E9CD /* Build configuration list for PBXProject "ControllerKit" */;
			compatibilityVersion = "Xcode 3.2";
			hasScannedForEncodings = 1;
			mainGroup = 0867D691FE84028FC02AAC07 /* ControllerKit */;
			productRefGroup = 034768DFFF38A50411DB9C8B /* Products */;
			projectDirPath = "";
			projectRoot = "";
			targets = (
				D2AAC07D0554694100DB518D /* ControllerKit */,
				63894BFA103BE194007C9CC9 /* ControllerKitUnitTests */,
			);
		};
/* End PBXProject section */

/* Begin PBXResourcesBuildPhase section */
		63894BF6103BE194007C9CC9 /* Resources */ = {
			isa = PBXResourcesBuildPhase;
			buildActionMask = 2147483647;
			files = (
			);
			runOnlyForDeploymentPostprocessing = 0;
		};
/* End PBXResourcesBuildPhase section */

/* Begin PBXShellScriptBuildPhase section */
		63843AD0104121F600D29404 /* Deploy Library */ = {
			isa = PBXShellScriptBuildPhase;
			buildActionMask = 2147483647;
			files = (
			);
			inputPaths = (
			);
			name = "Deploy Library";
			outputPaths = (
			);
			runOnlyForDeploymentPostprocessing = 0;
			shellPath = /bin/tcsh;
			shellScript = "#delete the current deployed library if needed. deleting version also deletes symlinks.\n\nrm -dRfv ${DEPLOYED_BUILD_LIBRARY_VERSION_PATH}\n\n# create build structure if needed\n\nmkdir -pv ${BUILD_SHARED_ROOT_PATH}\nmkdir -pv ${BUILD_SHARED_BUNDLES_PATH}\nmkdir -pv ${BUILD_SHARED_LIBRARIES_PATH}\nmkdir -pv ${BUILD_SHARED_TOOLS_PATH}\nmkdir -pv ${BUILD_SHARED_TESTS_PATH}\n\n# create library structure if needed\n\nmkdir -pv ${DEPLOYED_BUILD_PLATFORM_PATH}\nmkdir -pv ${DEPLOYED_BUILD_PRODUCT_NAME_PATH}\nmkdir -pv ${DEPLOYED_BUILD_LIBRARY_VERSION_PATH}\nmkdir -pv ${DEPLOYED_BUILD_HEADER_VERSION_PATH}\nmkdir -pv ${DEPLOYED_BUILD_HEADER_PRODUCT_NAME_PATH}\nmkdir -pv ${DEPLOYED_BUILD_RESOURCES_PATH}\n\n# symlink headers\n\ncp -Rfv ${BUILT_PRODUCTS_DIR}/usr/local/include/${PRODUCT_NAME}/*.h ${DEPLOYED_BUILD_HEADER_PRODUCT_NAME_PATH}\nln -sFfhv ${DEPLOYED_BUILD_HEADER_VERSION_PATH} ${DEPLOYED_BUILD_PRODUCT_NAME_HEADER_PATH}\n\n# symlink library\n\ncp -Rfv ${BUILT_PRODUCTS_DIR}/${FULL_PRODUCT_NAME} ${DEPLOYED_BUILD_LIBRARY_VERSION_PATH}/${FULL_PRODUCT_NAME}\nln -sFfhv ${DEPLOYED_BUILD_LIBRARY_VERSION_PATH}/${FULL_PRODUCT_NAME} ${DEPLOYED_BUILD_PRODUCT_NAME_PATH}/${FULL_PRODUCT_NAME}\n\n#copy shared resource bundle\n\ncp -Rfv ${SRCROOT}/${LIBRARY_RESOURCE_BUNDLE_PATH}/${LIBRARY_RESOURCE_BUNDLE_NAME} ${BUILD_SHARED_BUNDLES_PATH}\n\n# Remove .svn if needed. This requires customization\n\nrm -dRfv ${BUILD_SHARED_BUNDLES_PATH}/${LIBRARY_RESOURCE_BUNDLE_NAME}/.svn\nrm -dRfv ${BUILD_SHARED_BUNDLES_PATH}/${LIBRARY_RESOURCE_BUNDLE_NAME}/en.lproj/.svn\nrm -dRfv ${BUILD_SHARED_BUNDLES_PATH}/${LIBRARY_RESOURCE_BUNDLE_NAME}/de.lproj/.svn\nrm -dRfv ${BUILD_SHARED_BUNDLES_PATH}/${LIBRARY_RESOURCE_BUNDLE_NAME}/Images/.svn\nrm -dRfv ${BUILD_SHARED_BUNDLES_PATH}/${LIBRARY_RESOURCE_BUNDLE_NAME}/Models/.svn";
			showEnvVarsInLog = 0;
		};
		63894BF9103BE194007C9CC9 /* ShellScript */ = {
			isa = PBXShellScriptBuildPhase;
			buildActionMask = 2147483647;
			files = (
			);
			inputPaths = (
			);
			outputPaths = (
			);
			runOnlyForDeploymentPostprocessing = 0;
			shellPath = /bin/sh;
			shellScript = "# Run the unit tests in this test bundle.\n\"${SYSTEM_DEVELOPER_DIR}/Tools/RunUnitTests\"\n";
		};
/* End PBXShellScriptBuildPhase section */

/* Begin PBXSourcesBuildPhase section */
		63894BF7103BE194007C9CC9 /* Sources */ = {
			isa = PBXSourcesBuildPhase;
			buildActionMask = 2147483647;
			files = (
				63BE2EB210CB193500FBB27C /* UXObjectControllerTest.m in Sources */,
				63BE2F9110CB5A6000FBB27C /* UXArrayControllerTest.m in Sources */,
			);
			runOnlyForDeploymentPostprocessing = 0;
		};
		D2AAC07B0554694100DB518D /* Sources */ = {
			isa = PBXSourcesBuildPhase;
			buildActionMask = 2147483647;
			files = (
				63BE2E6510CB0E8B00FBB27C /* UXArrayController.m in Sources */,
				63BE2E6810CB0E8B00FBB27C /* UXObjectController.m in Sources */,
			);
			runOnlyForDeploymentPostprocessing = 0;
		};
/* End PBXSourcesBuildPhase section */

/* Begin PBXTargetDependency section */
		63843AB4104120FE00D29404 /* PBXTargetDependency */ = {
			isa = PBXTargetDependency;
			target = D2AAC07D0554694100DB518D /* ControllerKit */;
			targetProxy = 63843AB3104120FE00D29404 /* PBXContainerItemProxy */;
		};
/* End PBXTargetDependency section */

/* Begin XCBuildConfiguration section */
		1DEB921F08733DC00010E9CD /* Debug */ = {
			isa = XCBuildConfiguration;
			baseConfigurationReference = 63894BE4103BD59B007C9CC9 /* Library.xcconfig */;
			buildSettings = {
				COPY_PHASE_STRIP = NO;
				GCC_OPTIMIZATION_LEVEL = 0;
			};
			name = Debug;
		};
		1DEB922008733DC00010E9CD /* Release */ = {
			isa = XCBuildConfiguration;
			baseConfigurationReference = 63894BE4103BD59B007C9CC9 /* Library.xcconfig */;
			buildSettings = {
			};
			name = Release;
		};
		1DEB922308733DC00010E9CD /* Debug */ = {
			isa = XCBuildConfiguration;
			baseConfigurationReference = 63894BE5103BD59B007C9CC9 /* Project.xcconfig */;
			buildSettings = {
				GCC_OPTIMIZATION_LEVEL = 0;
			};
			name = Debug;
		};
		1DEB922408733DC00010E9CD /* Release */ = {
			isa = XCBuildConfiguration;
			baseConfigurationReference = 63894BE5103BD59B007C9CC9 /* Project.xcconfig */;
			buildSettings = {
			};
			name = Release;
		};
		63894BFD103BE195007C9CC9 /* Debug */ = {
			isa = XCBuildConfiguration;
			baseConfigurationReference = 63894BE6103BD59B007C9CC9 /* UnitTests.xcconfig */;
			buildSettings = {
				COPY_PHASE_STRIP = NO;
				GCC_OPTIMIZATION_LEVEL = 0;
			};
			name = Debug;
		};
		63894BFE103BE195007C9CC9 /* Release */ = {
			isa = XCBuildConfiguration;
			baseConfigurationReference = 63894BE6103BD59B007C9CC9 /* UnitTests.xcconfig */;
			buildSettings = {
				COPY_PHASE_STRIP = YES;
			};
			name = Release;
		};
		63894C01103BE1FD007C9CC9 /* Profile */ = {
			isa = XCBuildConfiguration;
			baseConfigurationReference = 63894BE5103BD59B007C9CC9 /* Project.xcconfig */;
			buildSettings = {
				GCC_OPTIMIZATION_LEVEL = 0;
			};
			name = Profile;
		};
		63894C02103BE1FD007C9CC9 /* Profile */ = {
			isa = XCBuildConfiguration;
			baseConfigurationReference = 63894BE4103BD59B007C9CC9 /* Library.xcconfig */;
			buildSettings = {
				COPY_PHASE_STRIP = NO;
				GCC_OPTIMIZATION_LEVEL = 0;
			};
			name = Profile;
		};
		63894C03103BE1FD007C9CC9 /* Profile */ = {
			isa = XCBuildConfiguration;
			baseConfigurationReference = 63894BE6103BD59B007C9CC9 /* UnitTests.xcconfig */;
			buildSettings = {
				COPY_PHASE_STRIP = NO;
				GCC_OPTIMIZATION_LEVEL = 0;
			};
			name = Profile;
		};
		63894C04103BE202007C9CC9 /* Distribution */ = {
			isa = XCBuildConfiguration;
			baseConfigurationReference = 63894BE5103BD59B007C9CC9 /* Project.xcconfig */;
			buildSettings = {
			};
			name = Distribution;
		};
		63894C05103BE202007C9CC9 /* Distribution */ = {
			isa = XCBuildConfiguration;
			baseConfigurationReference = 63894BE4103BD59B007C9CC9 /* Library.xcconfig */;
			buildSettings = {
			};
			name = Distribution;
		};
		63894C06103BE202007C9CC9 /* Distribution */ = {
			isa = XCBuildConfiguration;
			baseConfigurationReference = 63894BE6103BD59B007C9CC9 /* UnitTests.xcconfig */;
			buildSettings = {
				COPY_PHASE_STRIP = YES;
			};
			name = Distribution;
		};
/* End XCBuildConfiguration section */

/* Begin XCConfigurationList section */
		1DEB921E08733DC00010E9CD /* Build configuration list for PBXNativeTarget "ControllerKit" */ = {
			isa = XCConfigurationList;
			buildConfigurations = (
				1DEB921F08733DC00010E9CD /* Debug */,
				63894C02103BE1FD007C9CC9 /* Profile */,
				1DEB922008733DC00010E9CD /* Release */,
				63894C05103BE202007C9CC9 /* Distribution */,
			);
			defaultConfigurationIsVisible = 0;
			defaultConfigurationName = Release;
		};
		1DEB922208733DC00010E9CD /* Build configuration list for PBXProject "ControllerKit" */ = {
			isa = XCConfigurationList;
			buildConfigurations = (
				1DEB922308733DC00010E9CD /* Debug */,
				63894C01103BE1FD007C9CC9 /* Profile */,
				1DEB922408733DC00010E9CD /* Release */,
				63894C04103BE202007C9CC9 /* Distribution */,
			);
			defaultConfigurationIsVisible = 0;
			defaultConfigurationName = Release;
		};
		63894BFF103BE195007C9CC9 /* Build configuration list for PBXNativeTarget "ControllerKitUnitTests" */ = {
			isa = XCConfigurationList;
			buildConfigurations = (
				63894BFD103BE195007C9CC9 /* Debug */,
				63894C03103BE1FD007C9CC9 /* Profile */,
				63894BFE103BE195007C9CC9 /* Release */,
				63894C06103BE202007C9CC9 /* Distribution */,
			);
			defaultConfigurationIsVisible = 0;
			defaultConfigurationName = Release;
		};
/* End XCConfigurationList section */
	};
	rootObject = 0867D690FE84028FC02AAC07 /* Project object */;
}
