// !$*UTF8*$!
{
	archiveVersion = 1;
	classes = {
	};
	objectVersion = 46;
	objects = {

/* Begin PBXBuildFile section */
		6324065810C32A670029A934 /* TVKTableController.h in Headers */ = {isa = PBXBuildFile; fileRef = 6324064810C32A670029A934 /* TVKTableController.h */; settings = {ATTRIBUTES = (Public, ); }; };
		6324065910C32A670029A934 /* TVKTableController.m in Sources */ = {isa = PBXBuildFile; fileRef = 6324064910C32A670029A934 /* TVKTableController.m */; };
		6324065A10C32A670029A934 /* TVKTableViewController.h in Headers */ = {isa = PBXBuildFile; fileRef = 6324064A10C32A670029A934 /* TVKTableViewController.h */; settings = {ATTRIBUTES = (Public, ); }; };
		6324065B10C32A670029A934 /* TVKTableViewController.m in Sources */ = {isa = PBXBuildFile; fileRef = 6324064B10C32A670029A934 /* TVKTableViewController.m */; };
		6324065C10C32A670029A934 /* TVKTable.h in Headers */ = {isa = PBXBuildFile; fileRef = 6324064D10C32A670029A934 /* TVKTable.h */; settings = {ATTRIBUTES = (Public, ); }; };
		6324065D10C32A670029A934 /* TVKTable.m in Sources */ = {isa = PBXBuildFile; fileRef = 6324064E10C32A670029A934 /* TVKTable.m */; };
		6324065E10C32A670029A934 /* TVKTableItem.h in Headers */ = {isa = PBXBuildFile; fileRef = 6324064F10C32A670029A934 /* TVKTableItem.h */; settings = {ATTRIBUTES = (Public, ); }; };
		6324065F10C32A670029A934 /* TVKTableItem.m in Sources */ = {isa = PBXBuildFile; fileRef = 6324065010C32A670029A934 /* TVKTableItem.m */; };
		6324066010C32A670029A934 /* TVKTableView.h in Headers */ = {isa = PBXBuildFile; fileRef = 6324065210C32A670029A934 /* TVKTableView.h */; settings = {ATTRIBUTES = (Public, ); }; };
		6324066110C32A670029A934 /* TVKTableView.m in Sources */ = {isa = PBXBuildFile; fileRef = 6324065310C32A670029A934 /* TVKTableView.m */; };
		6324066210C32A670029A934 /* TVKTableViewCell.h in Headers */ = {isa = PBXBuildFile; fileRef = 6324065410C32A670029A934 /* TVKTableViewCell.h */; settings = {ATTRIBUTES = (Public, ); }; };
		6324066310C32A670029A934 /* TVKTableViewCell.m in Sources */ = {isa = PBXBuildFile; fileRef = 6324065510C32A670029A934 /* TVKTableViewCell.m */; };
		632406DA10C33AF10029A934 /* UIKit.framework in Frameworks */ = {isa = PBXBuildFile; fileRef = 632406D910C33AF10029A934 /* UIKit.framework */; };
		6324089F10C33B080029A934 /* CoreData.framework in Frameworks */ = {isa = PBXBuildFile; fileRef = 632406B910C33AF10029A934 /* CoreData.framework */; };
		632408A010C33B160029A934 /* QuartzCore.framework in Frameworks */ = {isa = PBXBuildFile; fileRef = 632406D110C33AF10029A934 /* QuartzCore.framework */; };
		63843AB2104120A300D29404 /* TableKit.h in Headers */ = {isa = PBXBuildFile; fileRef = 63894BEB103BD5C1007C9CC9 /* TableKit.h */; settings = {ATTRIBUTES = (Public, ); }; };
		63843AB61041212000D29404 /* Foundation.framework in Frameworks */ = {isa = PBXBuildFile; fileRef = AACBBE490F95108600F1A2B1 /* Foundation.framework */; };
		63843ACD1041218700D29404 /* SenTestingKit.framework in Frameworks */ = {isa = PBXBuildFile; fileRef = 63843AB91041214400D29404 /* SenTestingKit.framework */; };
		63BE2FE310CCB16C00FBB27C /* TVKTableControllerTest.m in Sources */ = {isa = PBXBuildFile; fileRef = 63BE2FE110CCB15C00FBB27C /* TVKTableControllerTest.m */; };
		63BE2FEE10CCB1AB00FBB27C /* CoreData.framework in Frameworks */ = {isa = PBXBuildFile; fileRef = 632406B910C33AF10029A934 /* CoreData.framework */; };
		63BE2FEF10CCB1AB00FBB27C /* QuartzCore.framework in Frameworks */ = {isa = PBXBuildFile; fileRef = 632406D110C33AF10029A934 /* QuartzCore.framework */; };
		63BE2FF010CCB1AB00FBB27C /* UIKit.framework in Frameworks */ = {isa = PBXBuildFile; fileRef = 632406D910C33AF10029A934 /* UIKit.framework */; };
		AACBBE4A0F95108600F1A2B1 /* Foundation.framework in Frameworks */ = {isa = PBXBuildFile; fileRef = AACBBE490F95108600F1A2B1 /* Foundation.framework */; };
/* End PBXBuildFile section */

/* Begin PBXContainerItemProxy section */
		63843AB3104120FE00D29404 /* PBXContainerItemProxy */ = {
			isa = PBXContainerItemProxy;
			containerPortal = 0867D690FE84028FC02AAC07 /* Project object */;
			proxyType = 1;
			remoteGlobalIDString = D2AAC07D0554694100DB518D;
			remoteInfo = TableKit;
		};
/* End PBXContainerItemProxy section */

/* Begin PBXFileReference section */
		6324064810C32A670029A934 /* TVKTableController.h */ = {isa = PBXFileReference; fileEncoding = 4; lastKnownFileType = sourcecode.c.h; name = TVKTableController.h; path = Source/Classes/Controller/TVKTableController.h; sourceTree = SOURCE_ROOT; };
		6324064910C32A670029A934 /* TVKTableController.m */ = {isa = PBXFileReference; fileEncoding = 4; lastKnownFileType = sourcecode.c.objc; path = TVKTableController.m; sourceTree = "<group>"; };
		6324064A10C32A670029A934 /* TVKTableViewController.h */ = {isa = PBXFileReference; fileEncoding = 4; lastKnownFileType = sourcecode.c.h; name = TVKTableViewController.h; path = Source/Classes/Controller/TVKTableViewController.h; sourceTree = SOURCE_ROOT; };
		6324064B10C32A670029A934 /* TVKTableViewController.m */ = {isa = PBXFileReference; fileEncoding = 4; lastKnownFileType = sourcecode.c.objc; path = TVKTableViewController.m; sourceTree = "<group>"; };
		6324064D10C32A670029A934 /* TVKTable.h */ = {isa = PBXFileReference; fileEncoding = 4; lastKnownFileType = sourcecode.c.h; name = TVKTable.h; path = Source/Classes/Model/TVKTable.h; sourceTree = SOURCE_ROOT; };
		6324064E10C32A670029A934 /* TVKTable.m */ = {isa = PBXFileReference; fileEncoding = 4; lastKnownFileType = sourcecode.c.objc; path = TVKTable.m; sourceTree = "<group>"; };
		6324064F10C32A670029A934 /* TVKTableItem.h */ = {isa = PBXFileReference; fileEncoding = 4; lastKnownFileType = sourcecode.c.h; name = TVKTableItem.h; path = Source/Classes/Model/TVKTableItem.h; sourceTree = SOURCE_ROOT; };
		6324065010C32A670029A934 /* TVKTableItem.m */ = {isa = PBXFileReference; fileEncoding = 4; lastKnownFileType = sourcecode.c.objc; path = TVKTableItem.m; sourceTree = "<group>"; };
		6324065210C32A670029A934 /* TVKTableView.h */ = {isa = PBXFileReference; fileEncoding = 4; lastKnownFileType = sourcecode.c.h; name = TVKTableView.h; path = Source/Classes/Views/TVKTableView.h; sourceTree = SOURCE_ROOT; };
		6324065310C32A670029A934 /* TVKTableView.m */ = {isa = PBXFileReference; fileEncoding = 4; lastKnownFileType = sourcecode.c.objc; path = TVKTableView.m; sourceTree = "<group>"; };
		6324065410C32A670029A934 /* TVKTableViewCell.h */ = {isa = PBXFileReference; fileEncoding = 4; lastKnownFileType = sourcecode.c.h; name = TVKTableViewCell.h; path = Source/Classes/Views/TVKTableViewCell.h; sourceTree = SOURCE_ROOT; };
		6324065510C32A670029A934 /* TVKTableViewCell.m */ = {isa = PBXFileReference; fileEncoding = 4; lastKnownFileType = sourcecode.c.objc; path = TVKTableViewCell.m; sourceTree = "<group>"; };
		632406AB10C33AF10029A934 /* AVFoundation.framework */ = {isa = PBXFileReference; lastKnownFileType = wrapper.framework; name = AVFoundation.framework; path = System/Library/Frameworks/AVFoundation.framework; sourceTree = SDKROOT; };
		632406AD10C33AF10029A934 /* AddressBook.framework */ = {isa = PBXFileReference; lastKnownFileType = wrapper.framework; name = AddressBook.framework; path = System/Library/Frameworks/AddressBook.framework; sourceTree = SDKROOT; };
		632406AF10C33AF10029A934 /* AddressBookUI.framework */ = {isa = PBXFileReference; lastKnownFileType = wrapper.framework; name = AddressBookUI.framework; path = System/Library/Frameworks/AddressBookUI.framework; sourceTree = SDKROOT; };
		632406B110C33AF10029A934 /* AudioToolbox.framework */ = {isa = PBXFileReference; lastKnownFileType = wrapper.framework; name = AudioToolbox.framework; path = System/Library/Frameworks/AudioToolbox.framework; sourceTree = SDKROOT; };
		632406B310C33AF10029A934 /* AudioUnit.framework */ = {isa = PBXFileReference; lastKnownFileType = wrapper.framework; name = AudioUnit.framework; path = System/Library/Frameworks/AudioUnit.framework; sourceTree = SDKROOT; };
		632406B510C33AF10029A934 /* CFNetwork.framework */ = {isa = PBXFileReference; lastKnownFileType = wrapper.framework; name = CFNetwork.framework; path = System/Library/Frameworks/CFNetwork.framework; sourceTree = SDKROOT; };
		632406B710C33AF10029A934 /* CoreAudio.framework */ = {isa = PBXFileReference; lastKnownFileType = wrapper.framework; name = CoreAudio.framework; path = System/Library/Frameworks/CoreAudio.framework; sourceTree = SDKROOT; };
		632406B910C33AF10029A934 /* CoreData.framework */ = {isa = PBXFileReference; lastKnownFileType = wrapper.framework; name = CoreData.framework; path = System/Library/Frameworks/CoreData.framework; sourceTree = SDKROOT; };
		632406BB10C33AF10029A934 /* CoreFoundation.framework */ = {isa = PBXFileReference; lastKnownFileType = wrapper.framework; name = CoreFoundation.framework; path = System/Library/Frameworks/CoreFoundation.framework; sourceTree = SDKROOT; };
		632406BD10C33AF10029A934 /* CoreGraphics.framework */ = {isa = PBXFileReference; lastKnownFileType = wrapper.framework; name = CoreGraphics.framework; path = System/Library/Frameworks/CoreGraphics.framework; sourceTree = SDKROOT; };
		632406BF10C33AF10029A934 /* CoreLocation.framework */ = {isa = PBXFileReference; lastKnownFileType = wrapper.framework; name = CoreLocation.framework; path = System/Library/Frameworks/CoreLocation.framework; sourceTree = SDKROOT; };
		632406C110C33AF10029A934 /* ExternalAccessory.framework */ = {isa = PBXFileReference; lastKnownFileType = wrapper.framework; name = ExternalAccessory.framework; path = System/Library/Frameworks/ExternalAccessory.framework; sourceTree = SDKROOT; };
		632406C310C33AF10029A934 /* GameKit.framework */ = {isa = PBXFileReference; lastKnownFileType = wrapper.framework; name = GameKit.framework; path = System/Library/Frameworks/GameKit.framework; sourceTree = SDKROOT; };
		632406C510C33AF10029A934 /* MapKit.framework */ = {isa = PBXFileReference; lastKnownFileType = wrapper.framework; name = MapKit.framework; path = System/Library/Frameworks/MapKit.framework; sourceTree = SDKROOT; };
		632406C710C33AF10029A934 /* MediaPlayer.framework */ = {isa = PBXFileReference; lastKnownFileType = wrapper.framework; name = MediaPlayer.framework; path = System/Library/Frameworks/MediaPlayer.framework; sourceTree = SDKROOT; };
		632406C910C33AF10029A934 /* MessageUI.framework */ = {isa = PBXFileReference; lastKnownFileType = wrapper.framework; name = MessageUI.framework; path = System/Library/Frameworks/MessageUI.framework; sourceTree = SDKROOT; };
		632406CB10C33AF10029A934 /* MobileCoreServices.framework */ = {isa = PBXFileReference; lastKnownFileType = wrapper.framework; name = MobileCoreServices.framework; path = System/Library/Frameworks/MobileCoreServices.framework; sourceTree = SDKROOT; };
		632406CD10C33AF10029A934 /* OpenAL.framework */ = {isa = PBXFileReference; lastKnownFileType = wrapper.framework; name = OpenAL.framework; path = System/Library/Frameworks/OpenAL.framework; sourceTree = SDKROOT; };
		632406CF10C33AF10029A934 /* OpenGLES.framework */ = {isa = PBXFileReference; lastKnownFileType = wrapper.framework; name = OpenGLES.framework; path = System/Library/Frameworks/OpenGLES.framework; sourceTree = SDKROOT; };
		632406D110C33AF10029A934 /* QuartzCore.framework */ = {isa = PBXFileReference; lastKnownFileType = wrapper.framework; name = QuartzCore.framework; path = System/Library/Frameworks/QuartzCore.framework; sourceTree = SDKROOT; };
		632406D310C33AF10029A934 /* Security.framework */ = {isa = PBXFileReference; lastKnownFileType = wrapper.framework; name = Security.framework; path = System/Library/Frameworks/Security.framework; sourceTree = SDKROOT; };
		632406D510C33AF10029A934 /* StoreKit.framework */ = {isa = PBXFileReference; lastKnownFileType = wrapper.framework; name = StoreKit.framework; path = System/Library/Frameworks/StoreKit.framework; sourceTree = SDKROOT; };
		632406D710C33AF10029A934 /* SystemConfiguration.framework */ = {isa = PBXFileReference; lastKnownFileType = wrapper.framework; name = SystemConfiguration.framework; path = System/Library/Frameworks/SystemConfiguration.framework; sourceTree = SDKROOT; };
		632406D910C33AF10029A934 /* UIKit.framework */ = {isa = PBXFileReference; lastKnownFileType = wrapper.framework; name = UIKit.framework; path = System/Library/Frameworks/UIKit.framework; sourceTree = SDKROOT; };
		635D880710C4C321001AFF13 /* TVKSearchableTableViewController.h */ = {isa = PBXFileReference; fileEncoding = 4; lastKnownFileType = sourcecode.c.h; path = TVKSearchableTableViewController.h; sourceTree = "<group>"; };
		635D880810C4C321001AFF13 /* TVKSearchableTableViewController.m */ = {isa = PBXFileReference; fileEncoding = 4; lastKnownFileType = sourcecode.c.objc; path = TVKSearchableTableViewController.m; sourceTree = "<group>"; };
		63843AB91041214400D29404 /* SenTestingKit.framework */ = {isa = PBXFileReference; lastKnownFileType = wrapper.framework; name = SenTestingKit.framework; path = Developer/Library/Frameworks/SenTestingKit.framework; sourceTree = SDKROOT; };
		63843ADE10412D8800D29404 /* TableKit.bundle */ = {isa = PBXFileReference; lastKnownFileType = "wrapper.plug-in"; name = TableKit.bundle; path = Source/Resources/Bundles/TableKit.bundle; sourceTree = SOURCE_ROOT; };
		63894BE4103BD59B007C9CC9 /* Library.xcconfig */ = {isa = PBXFileReference; fileEncoding = 4; lastKnownFileType = text.xcconfig; name = Library.xcconfig; path = Configurations/Library.xcconfig; sourceTree = SOURCE_ROOT; };
		63894BE5103BD59B007C9CC9 /* Project.xcconfig */ = {isa = PBXFileReference; fileEncoding = 4; lastKnownFileType = text.xcconfig; name = Project.xcconfig; path = Configurations/Project.xcconfig; sourceTree = SOURCE_ROOT; };
		63894BE6103BD59B007C9CC9 /* UnitTests.xcconfig */ = {isa = PBXFileReference; fileEncoding = 4; lastKnownFileType = text.xcconfig; name = UnitTests.xcconfig; path = Configurations/UnitTests.xcconfig; sourceTree = SOURCE_ROOT; };
		63894BEB103BD5C1007C9CC9 /* TableKit.h */ = {isa = PBXFileReference; fileEncoding = 4; lastKnownFileType = sourcecode.c.h; name = TableKit.h; path = Source/Project/TableKit.h; sourceTree = SOURCE_ROOT; };
		63894BF5103BE15E007C9CC9 /* UnitTests-Info.plist */ = {isa = PBXFileReference; fileEncoding = 4; lastKnownFileType = text.plist.xml; name = "UnitTests-Info.plist"; path = "Source/UnitTests/Resources/PropertyLists/UnitTests-Info.plist"; sourceTree = SOURCE_ROOT; };
		63894BFB103BE194007C9CC9 /* TableKitUnitTests.octest */ = {isa = PBXFileReference; explicitFileType = wrapper.cfbundle; includeInIndex = 0; path = TableKitUnitTests.octest; sourceTree = BUILT_PRODUCTS_DIR; };
		63B6A8911041465B0049EC9C /* Settings.xcconfig */ = {isa = PBXFileReference; fileEncoding = 4; lastKnownFileType = text.xcconfig; name = Settings.xcconfig; path = Configurations/Settings.xcconfig; sourceTree = SOURCE_ROOT; };
		63BE2FE110CCB15C00FBB27C /* TVKTableControllerTest.m */ = {isa = PBXFileReference; fileEncoding = 4; lastKnownFileType = sourcecode.c.objc; path = TVKTableControllerTest.m; sourceTree = "<group>"; };
		AACBBE490F95108600F1A2B1 /* Foundation.framework */ = {isa = PBXFileReference; lastKnownFileType = wrapper.framework; name = Foundation.framework; path = System/Library/Frameworks/Foundation.framework; sourceTree = SDKROOT; };
		D2AAC07E0554694100DB518D /* libTableKit.a */ = {isa = PBXFileReference; explicitFileType = archive.ar; includeInIndex = 0; path = libTableKit.a; sourceTree = BUILT_PRODUCTS_DIR; };
/* End PBXFileReference section */

/* Begin PBXFrameworksBuildPhase section */
		63894BF8103BE194007C9CC9 /* Frameworks */ = {
			isa = PBXFrameworksBuildPhase;
			buildActionMask = 2147483647;
			files = (
				63843AB61041212000D29404 /* Foundation.framework in Frameworks */,
				63843ACD1041218700D29404 /* SenTestingKit.framework in Frameworks */,
				63BE2FEE10CCB1AB00FBB27C /* CoreData.framework in Frameworks */,
				63BE2FEF10CCB1AB00FBB27C /* QuartzCore.framework in Frameworks */,
				63BE2FF010CCB1AB00FBB27C /* UIKit.framework in Frameworks */,
			);
			runOnlyForDeploymentPostprocessing = 0;
		};
		D2AAC07C0554694100DB518D /* Frameworks */ = {
			isa = PBXFrameworksBuildPhase;
			buildActionMask = 2147483647;
			files = (
				AACBBE4A0F95108600F1A2B1 /* Foundation.framework in Frameworks */,
				632406DA10C33AF10029A934 /* UIKit.framework in Frameworks */,
				6324089F10C33B080029A934 /* CoreData.framework in Frameworks */,
				632408A010C33B160029A934 /* QuartzCore.framework in Frameworks */,
			);
			runOnlyForDeploymentPostprocessing = 0;
		};
/* End PBXFrameworksBuildPhase section */

/* Begin PBXGroup section */
		034768DFFF38A50411DB9C8B /* Products */ = {
			isa = PBXGroup;
			children = (
				D2AAC07E0554694100DB518D /* libTableKit.a */,
				63894BFB103BE194007C9CC9 /* TableKitUnitTests.octest */,
			);
			name = Products;
			sourceTree = "<group>";
		};
		0867D691FE84028FC02AAC07 /* TableKit */ = {
			isa = PBXGroup;
			children = (
				034768DFFF38A50411DB9C8B /* Products */,
				63894BE0103BD587007C9CC9 /* References */,
				63894BE2103BD59B007C9CC9 /* Configurations */,
				63894BEC103BD5C1007C9CC9 /* Resources */,
				63894BEA103BD5C1007C9CC9 /* Project */,
				63894BF0103BE15E007C9CC9 /* UnitTests */,
				63894BE9103BD5C1007C9CC9 /* Classes */,
			);
			name = TableKit;
			sourceTree = "<group>";
		};
		0867D69AFE84028FC02AAC07 /* Frameworks */ = {
			isa = PBXGroup;
			children = (
				632406AD10C33AF10029A934 /* AddressBook.framework */,
				632406AF10C33AF10029A934 /* AddressBookUI.framework */,
				632406B110C33AF10029A934 /* AudioToolbox.framework */,
				632406B310C33AF10029A934 /* AudioUnit.framework */,
				632406AB10C33AF10029A934 /* AVFoundation.framework */,
				632406B510C33AF10029A934 /* CFNetwork.framework */,
				632406B710C33AF10029A934 /* CoreAudio.framework */,
				632406B910C33AF10029A934 /* CoreData.framework */,
				632406BB10C33AF10029A934 /* CoreFoundation.framework */,
				632406BD10C33AF10029A934 /* CoreGraphics.framework */,
				632406BF10C33AF10029A934 /* CoreLocation.framework */,
				632406C110C33AF10029A934 /* ExternalAccessory.framework */,
				AACBBE490F95108600F1A2B1 /* Foundation.framework */,
				632406C310C33AF10029A934 /* GameKit.framework */,
				632406C510C33AF10029A934 /* MapKit.framework */,
				632406C710C33AF10029A934 /* MediaPlayer.framework */,
				632406C910C33AF10029A934 /* MessageUI.framework */,
				632406CB10C33AF10029A934 /* MobileCoreServices.framework */,
				632406CD10C33AF10029A934 /* OpenAL.framework */,
				632406CF10C33AF10029A934 /* OpenGLES.framework */,
				632406D110C33AF10029A934 /* QuartzCore.framework */,
				632406D310C33AF10029A934 /* Security.framework */,
				632406D510C33AF10029A934 /* StoreKit.framework */,
				632406D710C33AF10029A934 /* SystemConfiguration.framework */,
				632406D910C33AF10029A934 /* UIKit.framework */,
			);
			name = Frameworks;
			sourceTree = "<group>";
		};
		6324064510C32A670029A934 /* Controller */ = {
			isa = PBXGroup;
			children = (
				6324064810C32A670029A934 /* TVKTableController.h */,
				6324064A10C32A670029A934 /* TVKTableViewController.h */,
				635D880F10C4C333001AFF13 /* Source */,
			);
			name = Controller;
			path = Source/Classes/Controller;
			sourceTree = SOURCE_ROOT;
		};
		6324064C10C32A670029A934 /* Model */ = {
			isa = PBXGroup;
			children = (
				6324064D10C32A670029A934 /* TVKTable.h */,
				6324064F10C32A670029A934 /* TVKTableItem.h */,
				635D880D10C4C32A001AFF13 /* Source */,
			);
			name = Model;
			path = Source/Classes/Model;
			sourceTree = SOURCE_ROOT;
		};
		6324065110C32A670029A934 /* Views */ = {
			isa = PBXGroup;
			children = (
				6324065210C32A670029A934 /* TVKTableView.h */,
				6324065410C32A670029A934 /* TVKTableViewCell.h */,
				635D880E10C4C32F001AFF13 /* Source */,
			);
			name = Views;
			path = Source/Classes/Views;
			sourceTree = SOURCE_ROOT;
		};
		635D880610C4C321001AFF13 /* Search */ = {
			isa = PBXGroup;
			children = (
				635D880710C4C321001AFF13 /* TVKSearchableTableViewController.h */,
				635D881010C4C906001AFF13 /* Source */,
			);
			name = Search;
			path = Source/Classes/Search;
			sourceTree = SOURCE_ROOT;
		};
		635D880D10C4C32A001AFF13 /* Source */ = {
			isa = PBXGroup;
			children = (
				6324064E10C32A670029A934 /* TVKTable.m */,
				6324065010C32A670029A934 /* TVKTableItem.m */,
			);
			name = Source;
			sourceTree = "<group>";
		};
		635D880E10C4C32F001AFF13 /* Source */ = {
			isa = PBXGroup;
			children = (
				6324065310C32A670029A934 /* TVKTableView.m */,
				6324065510C32A670029A934 /* TVKTableViewCell.m */,
			);
			name = Source;
			sourceTree = "<group>";
		};
		635D880F10C4C333001AFF13 /* Source */ = {
			isa = PBXGroup;
			children = (
				6324064910C32A670029A934 /* TVKTableController.m */,
				6324064B10C32A670029A934 /* TVKTableViewController.m */,
			);
			name = Source;
			sourceTree = "<group>";
		};
		635D881010C4C906001AFF13 /* Source */ = {
			isa = PBXGroup;
			children = (
				635D880810C4C321001AFF13 /* TVKSearchableTableViewController.m */,
			);
			name = Source;
			sourceTree = "<group>";
		};
		63843AB11041209C00D29404 /* Fixtures */ = {
			isa = PBXGroup;
			children = (
			);
			name = Fixtures;
			path = Source/UnitTests/Resources/Fixtures;
			sourceTree = SOURCE_ROOT;
		};
		63843AB71041212700D29404 /* UnitTest */ = {
			isa = PBXGroup;
			children = (
				63843AB91041214400D29404 /* SenTestingKit.framework */,
			);
			name = UnitTest;
			sourceTree = "<group>";
		};
		63843AB81041213200D29404 /* Project */ = {
			isa = PBXGroup;
			children = (
			);
			name = Project;
			sourceTree = "<group>";
		};
		63894BE0103BD587007C9CC9 /* References */ = {
			isa = PBXGroup;
			children = (
				0867D69AFE84028FC02AAC07 /* Frameworks */,
				63894C11103BE467007C9CC9 /* Libraries */,
				63843AB81041213200D29404 /* Project */,
				63843AB71041212700D29404 /* UnitTest */,
			);
			name = References;
			sourceTree = "<group>";
		};
		63894BE2103BD59B007C9CC9 /* Configurations */ = {
			isa = PBXGroup;
			children = (
				63B6A8911041465B0049EC9C /* Settings.xcconfig */,
				63894BE5103BD59B007C9CC9 /* Project.xcconfig */,
				63894BE4103BD59B007C9CC9 /* Library.xcconfig */,
				63894BE6103BD59B007C9CC9 /* UnitTests.xcconfig */,
			);
			path = Configurations;
			sourceTree = SOURCE_ROOT;
		};
		63894BE9103BD5C1007C9CC9 /* Classes */ = {
			isa = PBXGroup;
			children = (
				6324064510C32A670029A934 /* Controller */,
				6324064C10C32A670029A934 /* Model */,
				635D880610C4C321001AFF13 /* Search */,
				6324065110C32A670029A934 /* Views */,
			);
			name = Classes;
			path = Source/Classes;
			sourceTree = SOURCE_ROOT;
		};
		63894BEA103BD5C1007C9CC9 /* Project */ = {
			isa = PBXGroup;
			children = (
				63894BEB103BD5C1007C9CC9 /* TableKit.h */,
			);
			name = Project;
			path = Source/Project;
			sourceTree = SOURCE_ROOT;
		};
		63894BEC103BD5C1007C9CC9 /* Resources */ = {
			isa = PBXGroup;
			children = (
				63894BED103BD5C1007C9CC9 /* Bundles */,
			);
			name = Resources;
			path = Source/Resources;
			sourceTree = SOURCE_ROOT;
		};
		63894BED103BD5C1007C9CC9 /* Bundles */ = {
			isa = PBXGroup;
			children = (
				63843ADE10412D8800D29404 /* TableKit.bundle */,
			);
			name = Bundles;
			path = Source/Resources/Bundles;
			sourceTree = SOURCE_ROOT;
		};
		63894BF0103BE15E007C9CC9 /* UnitTests */ = {
			isa = PBXGroup;
			children = (
				63894BF1103BE15E007C9CC9 /* Classes */,
				63894BF2103BE15E007C9CC9 /* Resources */,
			);
			name = UnitTests;
			path = Source/UnitTests;
			sourceTree = SOURCE_ROOT;
		};
		63894BF1103BE15E007C9CC9 /* Classes */ = {
			isa = PBXGroup;
			children = (
				63BE2FE110CCB15C00FBB27C /* TVKTableControllerTest.m */,
			);
			name = Classes;
			path = Source/UnitTests/Classes;
			sourceTree = SOURCE_ROOT;
		};
		63894BF2103BE15E007C9CC9 /* Resources */ = {
			isa = PBXGroup;
			children = (
				63843AB11041209C00D29404 /* Fixtures */,
				63894BF4103BE15E007C9CC9 /* PropertyLists */,
			);
			name = Resources;
			path = Source/UnitTests/Resources;
			sourceTree = SOURCE_ROOT;
		};
		63894BF4103BE15E007C9CC9 /* PropertyLists */ = {
			isa = PBXGroup;
			children = (
				63894BF5103BE15E007C9CC9 /* UnitTests-Info.plist */,
			);
			name = PropertyLists;
			path = Source/UnitTests/Resources/PropertyLists;
			sourceTree = SOURCE_ROOT;
		};
		63894C11103BE467007C9CC9 /* Libraries */ = {
			isa = PBXGroup;
			children = (
			);
			name = Libraries;
			sourceTree = "<group>";
		};
/* End PBXGroup section */

/* Begin PBXHeadersBuildPhase section */
		D2AAC07A0554694100DB518D /* Headers */ = {
			isa = PBXHeadersBuildPhase;
			buildActionMask = 2147483647;
			files = (
				63843AB2104120A300D29404 /* TableKit.h in Headers */,
				6324065810C32A670029A934 /* TVKTableController.h in Headers */,
				6324065A10C32A670029A934 /* TVKTableViewController.h in Headers */,
				6324065C10C32A670029A934 /* TVKTable.h in Headers */,
				6324065E10C32A670029A934 /* TVKTableItem.h in Headers */,
				6324066010C32A670029A934 /* TVKTableView.h in Headers */,
				6324066210C32A670029A934 /* TVKTableViewCell.h in Headers */,
			);
			runOnlyForDeploymentPostprocessing = 0;
		};
/* End PBXHeadersBuildPhase section */

/* Begin PBXNativeTarget section */
		63894BFA103BE194007C9CC9 /* TableKitUnitTests */ = {
			isa = PBXNativeTarget;
			buildConfigurationList = 63894BFF103BE195007C9CC9 /* Build configuration list for PBXNativeTarget "TableKitUnitTests" */;
			buildPhases = (
				63894BF6103BE194007C9CC9 /* Resources */,
				63894BF7103BE194007C9CC9 /* Sources */,
				63894BF8103BE194007C9CC9 /* Frameworks */,
				63894BF9103BE194007C9CC9 /* ShellScript */,
			);
			buildRules = (
			);
			dependencies = (
				63843AB4104120FE00D29404 /* PBXTargetDependency */,
			);
			name = TableKitUnitTests;
			productName = TableKitUnitTests;
			productReference = 63894BFB103BE194007C9CC9 /* TableKitUnitTests.octest */;
			productType = "com.apple.product-type.bundle";
		};
		D2AAC07D0554694100DB518D /* TableKit */ = {
			isa = PBXNativeTarget;
			buildConfigurationList = 1DEB921E08733DC00010E9CD /* Build configuration list for PBXNativeTarget "TableKit" */;
			buildPhases = (
				D2AAC07A0554694100DB518D /* Headers */,
				D2AAC07B0554694100DB518D /* Sources */,
				D2AAC07C0554694100DB518D /* Frameworks */,
				63843AD0104121F600D29404 /* Deploy Library */,
			);
			buildRules = (
			);
			dependencies = (
			);
			name = TableKit;
			productName = TableKit;
			productReference = D2AAC07E0554694100DB518D /* libTableKit.a */;
			productType = "com.apple.product-type.library.static";
		};
/* End PBXNativeTarget section */

/* Begin PBXProject section */
		0867D690FE84028FC02AAC07 /* Project object */ = {
			isa = PBXProject;
			attributes = {
				ORGANIZATIONNAME = semantap;
			};
			buildConfigurationList = 1DEB922208733DC00010E9CD /* Build configuration list for PBXProject "TableKit" */;
			compatibilityVersion = "Xcode 3.2";
			hasScannedForEncodings = 1;
			mainGroup = 0867D691FE84028FC02AAC07 /* TableKit */;
			productRefGroup = 034768DFFF38A50411DB9C8B /* Products */;
			projectDirPath = "";
			projectRoot = "";
			targets = (
				D2AAC07D0554694100DB518D /* TableKit */,
				63894BFA103BE194007C9CC9 /* TableKitUnitTests */,
			);
		};
/* End PBXProject section */

/* Begin PBXResourcesBuildPhase section */
		63894BF6103BE194007C9CC9 /* Resources */ = {
			isa = PBXResourcesBuildPhase;
			buildActionMask = 2147483647;
			files = (
			);
			runOnlyForDeploymentPostprocessing = 0;
		};
/* End PBXResourcesBuildPhase section */

/* Begin PBXShellScriptBuildPhase section */
		63843AD0104121F600D29404 /* Deploy Library */ = {
			isa = PBXShellScriptBuildPhase;
			buildActionMask = 2147483647;
			files = (
			);
			inputPaths = (
			);
			name = "Deploy Library";
			outputPaths = (
			);
			runOnlyForDeploymentPostprocessing = 0;
			shellPath = /bin/tcsh;
			shellScript = "#delete the current deployed library if needed. deleting version also deletes symlinks.\n\nrm -dRfv ${DEPLOYED_BUILD_LIBRARY_VERSION_PATH}\n\n# create build structure if needed\n\nmkdir -pv ${BUILD_SHARED_ROOT_PATH}\nmkdir -pv ${BUILD_SHARED_BUNDLES_PATH}\nmkdir -pv ${BUILD_SHARED_LIBRARIES_PATH}\nmkdir -pv ${BUILD_SHARED_TOOLS_PATH}\nmkdir -pv ${BUILD_SHARED_TESTS_PATH}\n\n# create library structure if needed\n\nmkdir -pv ${DEPLOYED_BUILD_PLATFORM_PATH}\nmkdir -pv ${DEPLOYED_BUILD_PRODUCT_NAME_PATH}\nmkdir -pv ${DEPLOYED_BUILD_LIBRARY_VERSION_PATH}\nmkdir -pv ${DEPLOYED_BUILD_HEADER_VERSION_PATH}\nmkdir -pv ${DEPLOYED_BUILD_HEADER_PRODUCT_NAME_PATH}\nmkdir -pv ${DEPLOYED_BUILD_RESOURCES_PATH}\n\n# symlink headers\n\ncp -Rfv ${BUILT_PRODUCTS_DIR}/usr/local/include/${PRODUCT_NAME}/*.h ${DEPLOYED_BUILD_HEADER_PRODUCT_NAME_PATH}\nln -sFfhv ${DEPLOYED_BUILD_HEADER_VERSION_PATH} ${DEPLOYED_BUILD_PRODUCT_NAME_HEADER_PATH}\n\n# symlink library\n\ncp -Rfv ${BUILT_PRODUCTS_DIR}/${FULL_PRODUCT_NAME} ${DEPLOYED_BUILD_LIBRARY_VERSION_PATH}/${FULL_PRODUCT_NAME}\nln -sFfhv ${DEPLOYED_BUILD_LIBRARY_VERSION_PATH}/${FULL_PRODUCT_NAME} ${DEPLOYED_BUILD_PRODUCT_NAME_PATH}/${FULL_PRODUCT_NAME}\n\n#copy shared resource bundle\n\ncp -Rfv ${SRCROOT}/${LIBRARY_RESOURCE_BUNDLE_PATH}/${LIBRARY_RESOURCE_BUNDLE_NAME} ${BUILD_SHARED_BUNDLES_PATH}\n\n# Remove .svn if needed. This requires customization\n\nrm -dRfv ${BUILD_SHARED_BUNDLES_PATH}/${LIBRARY_RESOURCE_BUNDLE_NAME}/.svn\nrm -dRfv ${BUILD_SHARED_BUNDLES_PATH}/${LIBRARY_RESOURCE_BUNDLE_NAME}/en.lproj/.svn\nrm -dRfv ${BUILD_SHARED_BUNDLES_PATH}/${LIBRARY_RESOURCE_BUNDLE_NAME}/de.lproj/.svn\nrm -dRfv ${BUILD_SHARED_BUNDLES_PATH}/${LIBRARY_RESOURCE_BUNDLE_NAME}/Images/.svn\nrm -dRfv ${BUILD_SHARED_BUNDLES_PATH}/${LIBRARY_RESOURCE_BUNDLE_NAME}/Models/.svn";
			showEnvVarsInLog = 0;
		};
		63894BF9103BE194007C9CC9 /* ShellScript */ = {
			isa = PBXShellScriptBuildPhase;
			buildActionMask = 2147483647;
			files = (
			);
			inputPaths = (
			);
			outputPaths = (
			);
			runOnlyForDeploymentPostprocessing = 0;
			shellPath = /bin/sh;
			shellScript = "# Run the unit tests in this test bundle.\n\"${SYSTEM_DEVELOPER_DIR}/Tools/RunUnitTests\"\n";
		};
/* End PBXShellScriptBuildPhase section */

/* Begin PBXSourcesBuildPhase section */
		63894BF7103BE194007C9CC9 /* Sources */ = {
			isa = PBXSourcesBuildPhase;
			buildActionMask = 2147483647;
			files = (
				63BE2FE310CCB16C00FBB27C /* TVKTableControllerTest.m in Sources */,
			);
			runOnlyForDeploymentPostprocessing = 0;
		};
		D2AAC07B0554694100DB518D /* Sources */ = {
			isa = PBXSourcesBuildPhase;
			buildActionMask = 2147483647;
			files = (
				6324065910C32A670029A934 /* TVKTableController.m in Sources */,
				6324065B10C32A670029A934 /* TVKTableViewController.m in Sources */,
				6324065D10C32A670029A934 /* TVKTable.m in Sources */,
				6324065F10C32A670029A934 /* TVKTableItem.m in Sources */,
				6324066110C32A670029A934 /* TVKTableView.m in Sources */,
				6324066310C32A670029A934 /* TVKTableViewCell.m in Sources */,
			);
			runOnlyForDeploymentPostprocessing = 0;
		};
/* End PBXSourcesBuildPhase section */

/* Begin PBXTargetDependency section */
		63843AB4104120FE00D29404 /* PBXTargetDependency */ = {
			isa = PBXTargetDependency;
			target = D2AAC07D0554694100DB518D /* TableKit */;
			targetProxy = 63843AB3104120FE00D29404 /* PBXContainerItemProxy */;
		};
/* End PBXTargetDependency section */

/* Begin XCBuildConfiguration section */
		1DEB921F08733DC00010E9CD /* Debug */ = {
			isa = XCBuildConfiguration;
			baseConfigurationReference = 63894BE4103BD59B007C9CC9 /* Library.xcconfig */;
			buildSettings = {
				COPY_PHASE_STRIP = NO;
				GCC_OPTIMIZATION_LEVEL = 0;
			};
			name = Debug;
		};
		1DEB922008733DC00010E9CD /* Release */ = {
			isa = XCBuildConfiguration;
			baseConfigurationReference = 63894BE4103BD59B007C9CC9 /* Library.xcconfig */;
			buildSettings = {
			};
			name = Release;
		};
		1DEB922308733DC00010E9CD /* Debug */ = {
			isa = XCBuildConfiguration;
			baseConfigurationReference = 63894BE5103BD59B007C9CC9 /* Project.xcconfig */;
			buildSettings = {
				GCC_OPTIMIZATION_LEVEL = 0;
			};
			name = Debug;
		};
		1DEB922408733DC00010E9CD /* Release */ = {
			isa = XCBuildConfiguration;
			baseConfigurationReference = 63894BE5103BD59B007C9CC9 /* Project.xcconfig */;
			buildSettings = {
			};
			name = Release;
		};
		63894BFD103BE195007C9CC9 /* Debug */ = {
			isa = XCBuildConfiguration;
			baseConfigurationReference = 63894BE6103BD59B007C9CC9 /* UnitTests.xcconfig */;
			buildSettings = {
				COPY_PHASE_STRIP = NO;
				GCC_OPTIMIZATION_LEVEL = 0;
			};
			name = Debug;
		};
		63894BFE103BE195007C9CC9 /* Release */ = {
			isa = XCBuildConfiguration;
			baseConfigurationReference = 63894BE6103BD59B007C9CC9 /* UnitTests.xcconfig */;
			buildSettings = {
				COPY_PHASE_STRIP = YES;
			};
			name = Release;
		};
		63894C01103BE1FD007C9CC9 /* Profile */ = {
			isa = XCBuildConfiguration;
			baseConfigurationReference = 63894BE5103BD59B007C9CC9 /* Project.xcconfig */;
			buildSettings = {
				GCC_OPTIMIZATION_LEVEL = 0;
			};
			name = Profile;
		};
		63894C02103BE1FD007C9CC9 /* Profile */ = {
			isa = XCBuildConfiguration;
			baseConfigurationReference = 63894BE4103BD59B007C9CC9 /* Library.xcconfig */;
			buildSettings = {
				COPY_PHASE_STRIP = NO;
				GCC_OPTIMIZATION_LEVEL = 0;
			};
			name = Profile;
		};
		63894C03103BE1FD007C9CC9 /* Profile */ = {
			isa = XCBuildConfiguration;
			baseConfigurationReference = 63894BE6103BD59B007C9CC9 /* UnitTests.xcconfig */;
			buildSettings = {
				COPY_PHASE_STRIP = NO;
				GCC_OPTIMIZATION_LEVEL = 0;
			};
			name = Profile;
		};
		63894C04103BE202007C9CC9 /* Distribution */ = {
			isa = XCBuildConfiguration;
			baseConfigurationReference = 63894BE5103BD59B007C9CC9 /* Project.xcconfig */;
			buildSettings = {
			};
			name = Distribution;
		};
		63894C05103BE202007C9CC9 /* Distribution */ = {
			isa = XCBuildConfiguration;
			baseConfigurationReference = 63894BE4103BD59B007C9CC9 /* Library.xcconfig */;
			buildSettings = {
			};
			name = Distribution;
		};
		63894C06103BE202007C9CC9 /* Distribution */ = {
			isa = XCBuildConfiguration;
			baseConfigurationReference = 63894BE6103BD59B007C9CC9 /* UnitTests.xcconfig */;
			buildSettings = {
				COPY_PHASE_STRIP = YES;
			};
			name = Distribution;
		};
/* End XCBuildConfiguration section */

/* Begin XCConfigurationList section */
		1DEB921E08733DC00010E9CD /* Build configuration list for PBXNativeTarget "TableKit" */ = {
			isa = XCConfigurationList;
			buildConfigurations = (
				1DEB921F08733DC00010E9CD /* Debug */,
				63894C02103BE1FD007C9CC9 /* Profile */,
				1DEB922008733DC00010E9CD /* Release */,
				63894C05103BE202007C9CC9 /* Distribution */,
			);
			defaultConfigurationIsVisible = 0;
			defaultConfigurationName = Release;
		};
		1DEB922208733DC00010E9CD /* Build configuration list for PBXProject "TableKit" */ = {
			isa = XCConfigurationList;
			buildConfigurations = (
				1DEB922308733DC00010E9CD /* Debug */,
				63894C01103BE1FD007C9CC9 /* Profile */,
				1DEB922408733DC00010E9CD /* Release */,
				63894C04103BE202007C9CC9 /* Distribution */,
			);
			defaultConfigurationIsVisible = 0;
			defaultConfigurationName = Release;
		};
		63894BFF103BE195007C9CC9 /* Build configuration list for PBXNativeTarget "TableKitUnitTests" */ = {
			isa = XCConfigurationList;
			buildConfigurations = (
				63894BFD103BE195007C9CC9 /* Debug */,
				63894C03103BE1FD007C9CC9 /* Profile */,
				63894BFE103BE195007C9CC9 /* Release */,
				63894C06103BE202007C9CC9 /* Distribution */,
			);
			defaultConfigurationIsVisible = 0;
			defaultConfigurationName = Release;
		};
/* End XCConfigurationList section */
	};
	rootObject = 0867D690FE84028FC02AAC07 /* Project object */;
}
