// !$*UTF8*$!
{
	archiveVersion = 1;
	classes = {
	};
	objectVersion = 45;
	objects = {

/* Begin PBXBuildFile section */
		1D60589F0D05DD5A006BFB54 /* Foundation.framework in Frameworks */ = {isa = PBXBuildFile; fileRef = 1D30AB110D05D00D00671497 /* Foundation.framework */; };
		1DF5F4E00D08C38300B7A737 /* UIKit.framework in Frameworks */ = {isa = PBXBuildFile; fileRef = 1DF5F4DF0D08C38300B7A737 /* UIKit.framework */; };
		288765FD0DF74451002DB57D /* CoreGraphics.framework in Frameworks */ = {isa = PBXBuildFile; fileRef = 288765FC0DF74451002DB57D /* CoreGraphics.framework */; };
		6313A4631095507B00B7B527 /* UXBoard.png in Resources */ = {isa = PBXBuildFile; fileRef = 6313A45B1095507B00B7B527 /* UXBoard.png */; };
		6313A4641095507B00B7B527 /* UXBook.png in Resources */ = {isa = PBXBuildFile; fileRef = 6313A45C1095507B00B7B527 /* UXBook.png */; };
		6313A4651095507B00B7B527 /* UXCalendar.png in Resources */ = {isa = PBXBuildFile; fileRef = 6313A45D1095507B00B7B527 /* UXCalendar.png */; };
		6313A4661095507B00B7B527 /* UXMap.png in Resources */ = {isa = PBXBuildFile; fileRef = 6313A45E1095507B00B7B527 /* UXMap.png */; };
		6313A4671095507B00B7B527 /* UXNetwork.png in Resources */ = {isa = PBXBuildFile; fileRef = 6313A45F1095507B00B7B527 /* UXNetwork.png */; };
		6313A4681095507B00B7B527 /* UXPicker.png in Resources */ = {isa = PBXBuildFile; fileRef = 6313A4601095507B00B7B527 /* UXPicker.png */; };
		6313A4691095507B00B7B527 /* UXTransit.png in Resources */ = {isa = PBXBuildFile; fileRef = 6313A4611095507B00B7B527 /* UXTransit.png */; };
		6313A46A1095507B00B7B527 /* UXTube.png in Resources */ = {isa = PBXBuildFile; fileRef = 6313A4621095507B00B7B527 /* UXTube.png */; };
		6313A4831095529100B7B527 /* StyledTextTestViewController.m in Sources */ = {isa = PBXBuildFile; fileRef = 6313A4821095529100B7B527 /* StyledTextTestViewController.m */; };
		6313A4A6109557BF00B7B527 /* StyledTextViewControllerTest.html in Resources */ = {isa = PBXBuildFile; fileRef = 6313A4A5109557BF00B7B527 /* StyledTextViewControllerTest.html */; };
		6334326410439AC500F30402 /* UXCatalog.png in Resources */ = {isa = PBXBuildFile; fileRef = 6334326310439AC500F30402 /* UXCatalog.png */; };
		633433111043AB6600F30402 /* TabButtonBarTestController.m in Sources */ = {isa = PBXBuildFile; fileRef = 633433101043AB6600F30402 /* TabButtonBarTestController.m */; };
		6354FEA8107D5DFA006831CE /* LauncherViewSplashController.m in Sources */ = {isa = PBXBuildFile; fileRef = 6354FEA7107D5DFA006831CE /* LauncherViewSplashController.m */; };
		6384382F1040F1D700D29404 /* CoreData.framework in Frameworks */ = {isa = PBXBuildFile; fileRef = 6384382E1040F1D700D29404 /* CoreData.framework */; };
		6384383F1040F1D700D29404 /* QuartzCore.framework in Frameworks */ = {isa = PBXBuildFile; fileRef = 6384383E1040F1D700D29404 /* QuartzCore.framework */; };
		6384395D1040F72C00D29404 /* UXCatalogApplicationDelegate.m in Sources */ = {isa = PBXBuildFile; fileRef = 6384380D1040EB5400D29404 /* UXCatalogApplicationDelegate.m */; };
		6384395E1040F72D00D29404 /* main.m in Sources */ = {isa = PBXBuildFile; fileRef = 638438161040EB5400D29404 /* main.m */; };
		6384395F1040F75F00D29404 /* Localizable.strings in Resources */ = {isa = PBXBuildFile; fileRef = 6384381B1040EB5400D29404 /* Localizable.strings */; };
		638439601040F76100D29404 /* InfoPlist.strings in Resources */ = {isa = PBXBuildFile; fileRef = 638438191040EB5400D29404 /* InfoPlist.strings */; };
		638439771040F89300D29404 /* UXCatalogUnitTest.m in Sources */ = {isa = PBXBuildFile; fileRef = 638439761040F89300D29404 /* UXCatalogUnitTest.m */; };
		638439851040FA6A00D29404 /* SenTestingKit.framework in Frameworks */ = {isa = PBXBuildFile; fileRef = 6384392B1040F3BE00D29404 /* SenTestingKit.framework */; };
		638439881040FA7900D29404 /* UIKit.framework in Frameworks */ = {isa = PBXBuildFile; fileRef = 1DF5F4DF0D08C38300B7A737 /* UIKit.framework */; };
		638439891040FA7A00D29404 /* Foundation.framework in Frameworks */ = {isa = PBXBuildFile; fileRef = 1D30AB110D05D00D00671497 /* Foundation.framework */; };
		6384398A1040FA7F00D29404 /* QuartzCore.framework in Frameworks */ = {isa = PBXBuildFile; fileRef = 6384383E1040F1D700D29404 /* QuartzCore.framework */; };
		6384398B1040FA8200D29404 /* CoreData.framework in Frameworks */ = {isa = PBXBuildFile; fileRef = 6384382E1040F1D700D29404 /* CoreData.framework */; };
		638F2F48108AD9A90021685E /* Settings.bundle in Resources */ = {isa = PBXBuildFile; fileRef = 638F2F47108AD9A90021685E /* Settings.bundle */; };
		638F36AF108C30D80021685E /* TextBarTestController.m in Sources */ = {isa = PBXBuildFile; fileRef = 638F36AE108C30D80021685E /* TextBarTestController.m */; };
		63900EE21041E0A4002FDE89 /* LauncherViewTestController.m in Sources */ = {isa = PBXBuildFile; fileRef = 63900EE11041E0A4002FDE89 /* LauncherViewTestController.m */; };
		6391EF37104235A100FF45CC /* camera.png in Resources */ = {isa = PBXBuildFile; fileRef = 6391EF2D104235A100FF45CC /* camera.png */; };
		6391EF38104235A100FF45CC /* defaultMusic.png in Resources */ = {isa = PBXBuildFile; fileRef = 6391EF2E104235A100FF45CC /* defaultMusic.png */; };
		6391EF39104235A100FF45CC /* defaultPerson.png in Resources */ = {isa = PBXBuildFile; fileRef = 6391EF2F104235A100FF45CC /* defaultPerson.png */; };
		6391EF3A104235A100FF45CC /* Icon.png in Resources */ = {isa = PBXBuildFile; fileRef = 6391EF30104235A100FF45CC /* Icon.png */; };
		6391EF3B104235A100FF45CC /* iphone.png in Resources */ = {isa = PBXBuildFile; fileRef = 6391EF31104235A100FF45CC /* iphone.png */; };
		6391EF3C104235A100FF45CC /* mask.png in Resources */ = {isa = PBXBuildFile; fileRef = 6391EF32104235A100FF45CC /* mask.png */; };
		6391EF3D104235A100FF45CC /* person.jpg in Resources */ = {isa = PBXBuildFile; fileRef = 6391EF33104235A100FF45CC /* person.jpg */; };
		6391EF3E104235A100FF45CC /* smiley.png in Resources */ = {isa = PBXBuildFile; fileRef = 6391EF34104235A100FF45CC /* smiley.png */; };
		6391EF3F104235A100FF45CC /* swirl.png in Resources */ = {isa = PBXBuildFile; fileRef = 6391EF35104235A100FF45CC /* swirl.png */; };
		6391EF40104235A100FF45CC /* tableIcon.png in Resources */ = {isa = PBXBuildFile; fileRef = 6391EF36104235A100FF45CC /* tableIcon.png */; };
		63A3816B1041566500E4CBB5 /* MockDataSource.m in Sources */ = {isa = PBXBuildFile; fileRef = 63A381681041566500E4CBB5 /* MockDataSource.m */; };
		63A3816C1041566500E4CBB5 /* MockPhotoSource.m in Sources */ = {isa = PBXBuildFile; fileRef = 63A3816A1041566500E4CBB5 /* MockPhotoSource.m */; };
		63A381951041567000E4CBB5 /* ActivityTestController.m in Sources */ = {isa = PBXBuildFile; fileRef = 63A3816E1041566F00E4CBB5 /* ActivityTestController.m */; };
		63A381961041567000E4CBB5 /* ButtonTestController.m in Sources */ = {isa = PBXBuildFile; fileRef = 63A381701041566F00E4CBB5 /* ButtonTestController.m */; };
		63A381991041567000E4CBB5 /* ImageTest1Controller.m in Sources */ = {isa = PBXBuildFile; fileRef = 63A381761041566F00E4CBB5 /* ImageTest1Controller.m */; };
		63A3819A1041567000E4CBB5 /* MessageTestController.m in Sources */ = {isa = PBXBuildFile; fileRef = 63A381781041566F00E4CBB5 /* MessageTestController.m */; };
		63A3819B1041567000E4CBB5 /* PhotoTest1Controller.m in Sources */ = {isa = PBXBuildFile; fileRef = 63A3817A1041566F00E4CBB5 /* PhotoTest1Controller.m */; };
		63A3819C1041567000E4CBB5 /* PhotoTest2Controller.m in Sources */ = {isa = PBXBuildFile; fileRef = 63A3817C1041566F00E4CBB5 /* PhotoTest2Controller.m */; };
		63A3819D1041567000E4CBB5 /* ScrollViewTestController.m in Sources */ = {isa = PBXBuildFile; fileRef = 63A3817E1041566F00E4CBB5 /* ScrollViewTestController.m */; };
		63A3819E1041567000E4CBB5 /* SearchTestController.m in Sources */ = {isa = PBXBuildFile; fileRef = 63A381801041566F00E4CBB5 /* SearchTestController.m */; };
		63A3819F1041567000E4CBB5 /* StyledTextTableTestController.m in Sources */ = {isa = PBXBuildFile; fileRef = 63A381821041566F00E4CBB5 /* StyledTextTableTestController.m */; };
		63A381A01041567000E4CBB5 /* StyledTextTestController.m in Sources */ = {isa = PBXBuildFile; fileRef = 63A381841041566F00E4CBB5 /* StyledTextTestController.m */; };
		63A381A11041567000E4CBB5 /* StyleTestController.m in Sources */ = {isa = PBXBuildFile; fileRef = 63A381861041566F00E4CBB5 /* StyleTestController.m */; };
		63A381A21041567000E4CBB5 /* TabBarTestController.m in Sources */ = {isa = PBXBuildFile; fileRef = 63A381881041566F00E4CBB5 /* TabBarTestController.m */; };
		63A381A31041567000E4CBB5 /* TableControlsTestController.m in Sources */ = {isa = PBXBuildFile; fileRef = 63A3818A1041566F00E4CBB5 /* TableControlsTestController.m */; };
		63A381A41041567000E4CBB5 /* TableImageTestController.m in Sources */ = {isa = PBXBuildFile; fileRef = 63A3818C1041566F00E4CBB5 /* TableImageTestController.m */; };
		63A381A51041567000E4CBB5 /* TableItemTestController.m in Sources */ = {isa = PBXBuildFile; fileRef = 63A3818E1041566F00E4CBB5 /* TableItemTestController.m */; };
		63A381A61041567000E4CBB5 /* TableTestController.m in Sources */ = {isa = PBXBuildFile; fileRef = 63A381901041566F00E4CBB5 /* TableTestController.m */; };
		63A9E26D10488C6A007FF732 /* CalendarTestController.m in Sources */ = {isa = PBXBuildFile; fileRef = 63A9E1F31047B62C007FF732 /* CalendarTestController.m */; };
		63A9E27210488C82007FF732 /* HolidayCalendarDataSource.m in Sources */ = {isa = PBXBuildFile; fileRef = 63A9E1EF1047B5BE007FF732 /* HolidayCalendarDataSource.m */; };
		63AA60BB109D3DB000420C25 /* SystemConfiguration.framework in Frameworks */ = {isa = PBXBuildFile; fileRef = 638438421040F1D700D29404 /* SystemConfiguration.framework */; };
		63AA60BC109D3DB200420C25 /* MessageUI.framework in Frameworks */ = {isa = PBXBuildFile; fileRef = 6384383A1040F1D700D29404 /* MessageUI.framework */; };
		63AA60BD109D3DB400420C25 /* MediaPlayer.framework in Frameworks */ = {isa = PBXBuildFile; fileRef = 638438381040F1D700D29404 /* MediaPlayer.framework */; };
		63AA60BE109D3DB600420C25 /* MapKit.framework in Frameworks */ = {isa = PBXBuildFile; fileRef = 638438361040F1D700D29404 /* MapKit.framework */; };
		63AA60BF109D3DB900420C25 /* CoreLocation.framework in Frameworks */ = {isa = PBXBuildFile; fileRef = 638438321040F1D700D29404 /* CoreLocation.framework */; };
		63AA60C0109D3DBB00420C25 /* AVFoundation.framework in Frameworks */ = {isa = PBXBuildFile; fileRef = 6384382A1040F1D700D29404 /* AVFoundation.framework */; };
		63B47A3A108EDB8000C2D5B5 /* PanelTestController.m in Sources */ = {isa = PBXBuildFile; fileRef = 63B47A39108EDB8000C2D5B5 /* PanelTestController.m */; };
		63E15EAA10450713000F4135 /* UXDatacase.png in Resources */ = {isa = PBXBuildFile; fileRef = 63E15EA210450713000F4135 /* UXDatacase.png */; };
		63E15EAB10450713000F4135 /* UXEnvelope.png in Resources */ = {isa = PBXBuildFile; fileRef = 63E15EA310450713000F4135 /* UXEnvelope.png */; };
		63E15EAC10450713000F4135 /* UXGame.png in Resources */ = {isa = PBXBuildFile; fileRef = 63E15EA410450713000F4135 /* UXGame.png */; };
		63E15EAD10450713000F4135 /* UXMovie.png in Resources */ = {isa = PBXBuildFile; fileRef = 63E15EA510450713000F4135 /* UXMovie.png */; };
		63E15EAE10450713000F4135 /* UXNewspaper.png in Resources */ = {isa = PBXBuildFile; fileRef = 63E15EA610450713000F4135 /* UXNewspaper.png */; };
		63E15EAF10450713000F4135 /* UXRadio.png in Resources */ = {isa = PBXBuildFile; fileRef = 63E15EA710450713000F4135 /* UXRadio.png */; };
		63E15EB010450713000F4135 /* UXRecorder.png in Resources */ = {isa = PBXBuildFile; fileRef = 63E15EA810450713000F4135 /* UXRecorder.png */; };
		63E15EB110450713000F4135 /* UXStore.png in Resources */ = {isa = PBXBuildFile; fileRef = 63E15EA910450713000F4135 /* UXStore.png */; };
		63E15EB51045072B000F4135 /* UXMoleskine.png in Resources */ = {isa = PBXBuildFile; fileRef = 63E15EB41045072B000F4135 /* UXMoleskine.png */; };
		63E513E810ABEA9700DB9A80 /* UXCatalogController.m in Sources */ = {isa = PBXBuildFile; fileRef = 63E513E710ABEA9700DB9A80 /* UXCatalogController.m */; };
/* End PBXBuildFile section */

/* Begin PBXContainerItemProxy section */
		638439791040F9F000D29404 /* PBXContainerItemProxy */ = {
			isa = PBXContainerItemProxy;
			containerPortal = 29B97313FDCFA39411CA2CEA /* Project object */;
			proxyType = 1;
			remoteGlobalIDString = 1D6058900D05DD3D006BFB54;
			remoteInfo = UXCatalog;
		};
/* End PBXContainerItemProxy section */

/* Begin PBXFileReference section */
		1D30AB110D05D00D00671497 /* Foundation.framework */ = {isa = PBXFileReference; lastKnownFileType = wrapper.framework; name = Foundation.framework; path = System/Library/Frameworks/Foundation.framework; sourceTree = SDKROOT; };
		1D6058910D05DD3D006BFB54 /* Catalog.app */ = {isa = PBXFileReference; explicitFileType = wrapper.application; includeInIndex = 0; path = Catalog.app; sourceTree = BUILT_PRODUCTS_DIR; };
		1DF5F4DF0D08C38300B7A737 /* UIKit.framework */ = {isa = PBXFileReference; lastKnownFileType = wrapper.framework; name = UIKit.framework; path = System/Library/Frameworks/UIKit.framework; sourceTree = SDKROOT; };
		288765FC0DF74451002DB57D /* CoreGraphics.framework */ = {isa = PBXFileReference; lastKnownFileType = wrapper.framework; name = CoreGraphics.framework; path = System/Library/Frameworks/CoreGraphics.framework; sourceTree = SDKROOT; };
		6313A45B1095507B00B7B527 /* UXBoard.png */ = {isa = PBXFileReference; lastKnownFileType = image.png; name = UXBoard.png; path = Source/Resources/Media/Icon/UXBoard.png; sourceTree = SOURCE_ROOT; };
		6313A45C1095507B00B7B527 /* UXBook.png */ = {isa = PBXFileReference; lastKnownFileType = image.png; name = UXBook.png; path = Source/Resources/Media/Icon/UXBook.png; sourceTree = SOURCE_ROOT; };
		6313A45D1095507B00B7B527 /* UXCalendar.png */ = {isa = PBXFileReference; lastKnownFileType = image.png; name = UXCalendar.png; path = Source/Resources/Media/Icon/UXCalendar.png; sourceTree = SOURCE_ROOT; };
		6313A45E1095507B00B7B527 /* UXMap.png */ = {isa = PBXFileReference; lastKnownFileType = image.png; name = UXMap.png; path = Source/Resources/Media/Icon/UXMap.png; sourceTree = SOURCE_ROOT; };
		6313A45F1095507B00B7B527 /* UXNetwork.png */ = {isa = PBXFileReference; lastKnownFileType = image.png; name = UXNetwork.png; path = Source/Resources/Media/Icon/UXNetwork.png; sourceTree = SOURCE_ROOT; };
		6313A4601095507B00B7B527 /* UXPicker.png */ = {isa = PBXFileReference; lastKnownFileType = image.png; name = UXPicker.png; path = Source/Resources/Media/Icon/UXPicker.png; sourceTree = SOURCE_ROOT; };
		6313A4611095507B00B7B527 /* UXTransit.png */ = {isa = PBXFileReference; lastKnownFileType = image.png; name = UXTransit.png; path = Source/Resources/Media/Icon/UXTransit.png; sourceTree = SOURCE_ROOT; };
		6313A4621095507B00B7B527 /* UXTube.png */ = {isa = PBXFileReference; lastKnownFileType = image.png; name = UXTube.png; path = Source/Resources/Media/Icon/UXTube.png; sourceTree = SOURCE_ROOT; };
		6313A4811095529100B7B527 /* StyledTextTestViewController.h */ = {isa = PBXFileReference; fileEncoding = 4; lastKnownFileType = sourcecode.c.h; path = StyledTextTestViewController.h; sourceTree = "<group>"; };
		6313A4821095529100B7B527 /* StyledTextTestViewController.m */ = {isa = PBXFileReference; fileEncoding = 4; lastKnownFileType = sourcecode.c.objc; path = StyledTextTestViewController.m; sourceTree = "<group>"; };
		6313A4A5109557BF00B7B527 /* StyledTextViewControllerTest.html */ = {isa = PBXFileReference; fileEncoding = 4; lastKnownFileType = text.html; name = StyledTextViewControllerTest.html; path = Source/Resources/Content/StyledTextViewControllerTest.html; sourceTree = SOURCE_ROOT; };
		6334326310439AC500F30402 /* UXCatalog.png */ = {isa = PBXFileReference; lastKnownFileType = image.png; name = UXCatalog.png; path = Source/Resources/Media/Icon/UXCatalog.png; sourceTree = SOURCE_ROOT; };
		6334330F1043AB6600F30402 /* TabButtonBarTestController.h */ = {isa = PBXFileReference; fileEncoding = 4; lastKnownFileType = sourcecode.c.h; path = TabButtonBarTestController.h; sourceTree = "<group>"; };
		633433101043AB6600F30402 /* TabButtonBarTestController.m */ = {isa = PBXFileReference; fileEncoding = 4; lastKnownFileType = sourcecode.c.objc; path = TabButtonBarTestController.m; sourceTree = "<group>"; };
		6354FEA6107D5DFA006831CE /* LauncherViewSplashController.h */ = {isa = PBXFileReference; fileEncoding = 4; lastKnownFileType = sourcecode.c.h; name = LauncherViewSplashController.h; path = Source/Classes/Controllers/LauncherViewSplashController.h; sourceTree = SOURCE_ROOT; };
		6354FEA7107D5DFA006831CE /* LauncherViewSplashController.m */ = {isa = PBXFileReference; fileEncoding = 4; lastKnownFileType = sourcecode.c.objc; path = LauncherViewSplashController.m; sourceTree = "<group>"; };
		638438061040EB4100D29404 /* Application.xcconfig */ = {isa = PBXFileReference; fileEncoding = 4; lastKnownFileType = text.xcconfig; name = Application.xcconfig; path = Configurations/Application.xcconfig; sourceTree = SOURCE_ROOT; };
		638438071040EB4100D29404 /* Project.xcconfig */ = {isa = PBXFileReference; fileEncoding = 4; lastKnownFileType = text.xcconfig; name = Project.xcconfig; path = Configurations/Project.xcconfig; sourceTree = SOURCE_ROOT; };
		638438081040EB4100D29404 /* UnitTests.xcconfig */ = {isa = PBXFileReference; fileEncoding = 4; lastKnownFileType = text.xcconfig; name = UnitTests.xcconfig; path = Configurations/UnitTests.xcconfig; sourceTree = SOURCE_ROOT; };
		6384380C1040EB5400D29404 /* UXCatalogApplicationDelegate.h */ = {isa = PBXFileReference; fileEncoding = 4; lastKnownFileType = sourcecode.c.h; name = UXCatalogApplicationDelegate.h; path = Source/Classes/ApplicationDelegate/Classes/UXCatalogApplicationDelegate.h; sourceTree = SOURCE_ROOT; };
		6384380D1040EB5400D29404 /* UXCatalogApplicationDelegate.m */ = {isa = PBXFileReference; fileEncoding = 4; lastKnownFileType = sourcecode.c.objc; path = UXCatalogApplicationDelegate.m; sourceTree = "<group>"; };
		638438101040EB5400D29404 /* UXCatalog.plist */ = {isa = PBXFileReference; fileEncoding = 4; lastKnownFileType = text.plist.xml; name = UXCatalog.plist; path = Source/Classes/ApplicationDelegate/Resources/PropertyLists/UXCatalog.plist; plistStructureDefinitionIdentifier = "com.apple.xcode.plist.structure-definition.iphone.info-plist"; sourceTree = SOURCE_ROOT; };
		638438151040EB5400D29404 /* UXCatalog.pch */ = {isa = PBXFileReference; fileEncoding = 4; lastKnownFileType = sourcecode.c.h; name = UXCatalog.pch; path = Source/Project/UXCatalog.pch; sourceTree = SOURCE_ROOT; };
		638438161040EB5400D29404 /* main.m */ = {isa = PBXFileReference; fileEncoding = 4; lastKnownFileType = sourcecode.c.objc; name = main.m; path = Source/Project/main.m; sourceTree = SOURCE_ROOT; };
		6384381A1040EB5400D29404 /* en */ = {isa = PBXFileReference; fileEncoding = 10; lastKnownFileType = text.plist.strings; name = en; path = en.lproj/InfoPlist.strings; sourceTree = "<group>"; };
		6384381C1040EB5400D29404 /* en */ = {isa = PBXFileReference; fileEncoding = 10; lastKnownFileType = text.plist.strings; name = en; path = en.lproj/Localizable.strings; sourceTree = "<group>"; };
		6384382A1040F1D700D29404 /* AVFoundation.framework */ = {isa = PBXFileReference; lastKnownFileType = wrapper.framework; name = AVFoundation.framework; path = System/Library/Frameworks/AVFoundation.framework; sourceTree = SDKROOT; };
		6384382C1040F1D700D29404 /* CFNetwork.framework */ = {isa = PBXFileReference; lastKnownFileType = wrapper.framework; name = CFNetwork.framework; path = System/Library/Frameworks/CFNetwork.framework; sourceTree = SDKROOT; };
		6384382E1040F1D700D29404 /* CoreData.framework */ = {isa = PBXFileReference; lastKnownFileType = wrapper.framework; name = CoreData.framework; path = System/Library/Frameworks/CoreData.framework; sourceTree = SDKROOT; };
		638438301040F1D700D29404 /* CoreFoundation.framework */ = {isa = PBXFileReference; lastKnownFileType = wrapper.framework; name = CoreFoundation.framework; path = System/Library/Frameworks/CoreFoundation.framework; sourceTree = SDKROOT; };
		638438321040F1D700D29404 /* CoreLocation.framework */ = {isa = PBXFileReference; lastKnownFileType = wrapper.framework; name = CoreLocation.framework; path = System/Library/Frameworks/CoreLocation.framework; sourceTree = SDKROOT; };
		638438341040F1D700D29404 /* GameKit.framework */ = {isa = PBXFileReference; lastKnownFileType = wrapper.framework; name = GameKit.framework; path = System/Library/Frameworks/GameKit.framework; sourceTree = SDKROOT; };
		638438361040F1D700D29404 /* MapKit.framework */ = {isa = PBXFileReference; lastKnownFileType = wrapper.framework; name = MapKit.framework; path = System/Library/Frameworks/MapKit.framework; sourceTree = SDKROOT; };
		638438381040F1D700D29404 /* MediaPlayer.framework */ = {isa = PBXFileReference; lastKnownFileType = wrapper.framework; name = MediaPlayer.framework; path = System/Library/Frameworks/MediaPlayer.framework; sourceTree = SDKROOT; };
		6384383A1040F1D700D29404 /* MessageUI.framework */ = {isa = PBXFileReference; lastKnownFileType = wrapper.framework; name = MessageUI.framework; path = System/Library/Frameworks/MessageUI.framework; sourceTree = SDKROOT; };
		6384383C1040F1D700D29404 /* MobileCoreServices.framework */ = {isa = PBXFileReference; lastKnownFileType = wrapper.framework; name = MobileCoreServices.framework; path = System/Library/Frameworks/MobileCoreServices.framework; sourceTree = SDKROOT; };
		6384383E1040F1D700D29404 /* QuartzCore.framework */ = {isa = PBXFileReference; lastKnownFileType = wrapper.framework; name = QuartzCore.framework; path = System/Library/Frameworks/QuartzCore.framework; sourceTree = SDKROOT; };
		638438401040F1D700D29404 /* Security.framework */ = {isa = PBXFileReference; lastKnownFileType = wrapper.framework; name = Security.framework; path = System/Library/Frameworks/Security.framework; sourceTree = SDKROOT; };
		638438421040F1D700D29404 /* SystemConfiguration.framework */ = {isa = PBXFileReference; lastKnownFileType = wrapper.framework; name = SystemConfiguration.framework; path = System/Library/Frameworks/SystemConfiguration.framework; sourceTree = SDKROOT; };
		6384390F1040F24D00D29404 /* libbz2.dylib */ = {isa = PBXFileReference; lastKnownFileType = "compiled.mach-o.dylib"; name = libbz2.dylib; path = usr/lib/libbz2.dylib; sourceTree = SDKROOT; };
		638439111040F24D00D29404 /* libxml2.dylib */ = {isa = PBXFileReference; lastKnownFileType = "compiled.mach-o.dylib"; name = libxml2.dylib; path = usr/lib/libxml2.dylib; sourceTree = SDKROOT; };
		638439131040F24D00D29404 /* libz.dylib */ = {isa = PBXFileReference; lastKnownFileType = "compiled.mach-o.dylib"; name = libz.dylib; path = usr/lib/libz.dylib; sourceTree = SDKROOT; };
		6384392B1040F3BE00D29404 /* SenTestingKit.framework */ = {isa = PBXFileReference; lastKnownFileType = wrapper.framework; name = SenTestingKit.framework; path = Developer/Library/Frameworks/SenTestingKit.framework; sourceTree = SDKROOT; };
		638439661040F81500D29404 /* UXCatalogUnitTests.octest */ = {isa = PBXFileReference; explicitFileType = wrapper.cfbundle; includeInIndex = 0; path = UXCatalogUnitTests.octest; sourceTree = BUILT_PRODUCTS_DIR; };
		638439741040F86800D29404 /* UnitTests-Info.plist */ = {isa = PBXFileReference; fileEncoding = 4; lastKnownFileType = text.plist.xml; name = "UnitTests-Info.plist"; path = "Source/UnitTests/Resources/PropertyLists/UnitTests-Info.plist"; sourceTree = SOURCE_ROOT; };
		638439761040F89300D29404 /* UXCatalogUnitTest.m */ = {isa = PBXFileReference; fileEncoding = 4; lastKnownFileType = sourcecode.c.objc; path = UXCatalogUnitTest.m; sourceTree = "<group>"; };
		638F2F47108AD9A90021685E /* Settings.bundle */ = {isa = PBXFileReference; lastKnownFileType = "wrapper.plug-in"; name = Settings.bundle; path = Source/Resources/Bundles/Settings.bundle; sourceTree = SOURCE_ROOT; };
		638F36AD108C30D80021685E /* TextBarTestController.h */ = {isa = PBXFileReference; fileEncoding = 4; lastKnownFileType = sourcecode.c.h; path = TextBarTestController.h; sourceTree = "<group>"; };
		638F36AE108C30D80021685E /* TextBarTestController.m */ = {isa = PBXFileReference; fileEncoding = 4; lastKnownFileType = sourcecode.c.objc; path = TextBarTestController.m; sourceTree = "<group>"; };
		63900EE01041E0A4002FDE89 /* LauncherViewTestController.h */ = {isa = PBXFileReference; fileEncoding = 4; lastKnownFileType = sourcecode.c.h; name = LauncherViewTestController.h; path = Source/Classes/Controllers/LauncherViewTestController.h; sourceTree = SOURCE_ROOT; };
		63900EE11041E0A4002FDE89 /* LauncherViewTestController.m */ = {isa = PBXFileReference; fileEncoding = 4; lastKnownFileType = sourcecode.c.objc; path = LauncherViewTestController.m; sourceTree = "<group>"; };
		6391EF2D104235A100FF45CC /* camera.png */ = {isa = PBXFileReference; lastKnownFileType = image.png; name = camera.png; path = Source/Resources/Media/Images/camera.png; sourceTree = SOURCE_ROOT; };
		6391EF2E104235A100FF45CC /* defaultMusic.png */ = {isa = PBXFileReference; lastKnownFileType = image.png; name = defaultMusic.png; path = Source/Resources/Media/Images/defaultMusic.png; sourceTree = SOURCE_ROOT; };
		6391EF2F104235A100FF45CC /* defaultPerson.png */ = {isa = PBXFileReference; lastKnownFileType = image.png; name = defaultPerson.png; path = Source/Resources/Media/Images/defaultPerson.png; sourceTree = SOURCE_ROOT; };
		6391EF30104235A100FF45CC /* Icon.png */ = {isa = PBXFileReference; lastKnownFileType = image.png; name = Icon.png; path = Source/Resources/Media/Images/Icon.png; sourceTree = SOURCE_ROOT; };
		6391EF31104235A100FF45CC /* iphone.png */ = {isa = PBXFileReference; lastKnownFileType = image.png; name = iphone.png; path = Source/Resources/Media/Images/iphone.png; sourceTree = SOURCE_ROOT; };
		6391EF32104235A100FF45CC /* mask.png */ = {isa = PBXFileReference; lastKnownFileType = image.png; name = mask.png; path = Source/Resources/Media/Images/mask.png; sourceTree = SOURCE_ROOT; };
		6391EF33104235A100FF45CC /* person.jpg */ = {isa = PBXFileReference; lastKnownFileType = image.jpeg; name = person.jpg; path = Source/Resources/Media/Images/person.jpg; sourceTree = SOURCE_ROOT; };
		6391EF34104235A100FF45CC /* smiley.png */ = {isa = PBXFileReference; lastKnownFileType = image.png; name = smiley.png; path = Source/Resources/Media/Images/smiley.png; sourceTree = SOURCE_ROOT; };
		6391EF35104235A100FF45CC /* swirl.png */ = {isa = PBXFileReference; lastKnownFileType = image.png; name = swirl.png; path = Source/Resources/Media/Images/swirl.png; sourceTree = SOURCE_ROOT; };
		6391EF36104235A100FF45CC /* tableIcon.png */ = {isa = PBXFileReference; lastKnownFileType = image.png; name = tableIcon.png; path = Source/Resources/Media/Images/tableIcon.png; sourceTree = SOURCE_ROOT; };
		63A381671041566500E4CBB5 /* MockDataSource.h */ = {isa = PBXFileReference; fileEncoding = 4; lastKnownFileType = sourcecode.c.h; name = MockDataSource.h; path = Source/Classes/Model/MockDataSource.h; sourceTree = SOURCE_ROOT; };
		63A381681041566500E4CBB5 /* MockDataSource.m */ = {isa = PBXFileReference; fileEncoding = 4; lastKnownFileType = sourcecode.c.objc; path = MockDataSource.m; sourceTree = "<group>"; };
		63A381691041566500E4CBB5 /* MockPhotoSource.h */ = {isa = PBXFileReference; fileEncoding = 4; lastKnownFileType = sourcecode.c.h; name = MockPhotoSource.h; path = Source/Classes/Model/MockPhotoSource.h; sourceTree = SOURCE_ROOT; };
		63A3816A1041566500E4CBB5 /* MockPhotoSource.m */ = {isa = PBXFileReference; fileEncoding = 4; lastKnownFileType = sourcecode.c.objc; path = MockPhotoSource.m; sourceTree = "<group>"; };
		63A3816D1041566F00E4CBB5 /* ActivityTestController.h */ = {isa = PBXFileReference; fileEncoding = 4; lastKnownFileType = sourcecode.c.h; name = ActivityTestController.h; path = Source/Classes/Controllers/ActivityTestController.h; sourceTree = SOURCE_ROOT; };
		63A3816E1041566F00E4CBB5 /* ActivityTestController.m */ = {isa = PBXFileReference; fileEncoding = 4; lastKnownFileType = sourcecode.c.objc; path = ActivityTestController.m; sourceTree = "<group>"; };
		63A3816F1041566F00E4CBB5 /* ButtonTestController.h */ = {isa = PBXFileReference; fileEncoding = 4; lastKnownFileType = sourcecode.c.h; name = ButtonTestController.h; path = Source/Classes/Controllers/ButtonTestController.h; sourceTree = SOURCE_ROOT; };
		63A381701041566F00E4CBB5 /* ButtonTestController.m */ = {isa = PBXFileReference; fileEncoding = 4; lastKnownFileType = sourcecode.c.objc; path = ButtonTestController.m; sourceTree = "<group>"; };
		63A381751041566F00E4CBB5 /* ImageTest1Controller.h */ = {isa = PBXFileReference; fileEncoding = 4; lastKnownFileType = sourcecode.c.h; name = ImageTest1Controller.h; path = Source/Classes/Controllers/ImageTest1Controller.h; sourceTree = SOURCE_ROOT; };
		63A381761041566F00E4CBB5 /* ImageTest1Controller.m */ = {isa = PBXFileReference; fileEncoding = 4; lastKnownFileType = sourcecode.c.objc; path = ImageTest1Controller.m; sourceTree = "<group>"; };
		63A381771041566F00E4CBB5 /* MessageTestController.h */ = {isa = PBXFileReference; fileEncoding = 4; lastKnownFileType = sourcecode.c.h; name = MessageTestController.h; path = Source/Classes/Controllers/MessageTestController.h; sourceTree = SOURCE_ROOT; };
		63A381781041566F00E4CBB5 /* MessageTestController.m */ = {isa = PBXFileReference; fileEncoding = 4; lastKnownFileType = sourcecode.c.objc; path = MessageTestController.m; sourceTree = "<group>"; };
		63A381791041566F00E4CBB5 /* PhotoTest1Controller.h */ = {isa = PBXFileReference; fileEncoding = 4; lastKnownFileType = sourcecode.c.h; name = PhotoTest1Controller.h; path = Source/Classes/Controllers/PhotoTest1Controller.h; sourceTree = SOURCE_ROOT; };
		63A3817A1041566F00E4CBB5 /* PhotoTest1Controller.m */ = {isa = PBXFileReference; fileEncoding = 4; lastKnownFileType = sourcecode.c.objc; path = PhotoTest1Controller.m; sourceTree = "<group>"; };
		63A3817B1041566F00E4CBB5 /* PhotoTest2Controller.h */ = {isa = PBXFileReference; fileEncoding = 4; lastKnownFileType = sourcecode.c.h; name = PhotoTest2Controller.h; path = Source/Classes/Controllers/PhotoTest2Controller.h; sourceTree = SOURCE_ROOT; };
		63A3817C1041566F00E4CBB5 /* PhotoTest2Controller.m */ = {isa = PBXFileReference; fileEncoding = 4; lastKnownFileType = sourcecode.c.objc; path = PhotoTest2Controller.m; sourceTree = "<group>"; };
		63A3817D1041566F00E4CBB5 /* ScrollViewTestController.h */ = {isa = PBXFileReference; fileEncoding = 4; lastKnownFileType = sourcecode.c.h; name = ScrollViewTestController.h; path = Source/Classes/Controllers/ScrollViewTestController.h; sourceTree = SOURCE_ROOT; };
		63A3817E1041566F00E4CBB5 /* ScrollViewTestController.m */ = {isa = PBXFileReference; fileEncoding = 4; lastKnownFileType = sourcecode.c.objc; path = ScrollViewTestController.m; sourceTree = "<group>"; };
		63A3817F1041566F00E4CBB5 /* SearchTestController.h */ = {isa = PBXFileReference; fileEncoding = 4; lastKnownFileType = sourcecode.c.h; name = SearchTestController.h; path = Source/Classes/Controllers/SearchTestController.h; sourceTree = SOURCE_ROOT; };
		63A381801041566F00E4CBB5 /* SearchTestController.m */ = {isa = PBXFileReference; fileEncoding = 4; lastKnownFileType = sourcecode.c.objc; path = SearchTestController.m; sourceTree = "<group>"; };
		63A381811041566F00E4CBB5 /* StyledTextTableTestController.h */ = {isa = PBXFileReference; fileEncoding = 4; lastKnownFileType = sourcecode.c.h; name = StyledTextTableTestController.h; path = Source/Classes/Controllers/StyledTextTableTestController.h; sourceTree = SOURCE_ROOT; };
		63A381821041566F00E4CBB5 /* StyledTextTableTestController.m */ = {isa = PBXFileReference; fileEncoding = 4; lastKnownFileType = sourcecode.c.objc; path = StyledTextTableTestController.m; sourceTree = "<group>"; };
		63A381831041566F00E4CBB5 /* StyledTextTestController.h */ = {isa = PBXFileReference; fileEncoding = 4; lastKnownFileType = sourcecode.c.h; name = StyledTextTestController.h; path = Source/Classes/Controllers/StyledTextTestController.h; sourceTree = SOURCE_ROOT; };
		63A381841041566F00E4CBB5 /* StyledTextTestController.m */ = {isa = PBXFileReference; fileEncoding = 4; lastKnownFileType = sourcecode.c.objc; path = StyledTextTestController.m; sourceTree = "<group>"; };
		63A381851041566F00E4CBB5 /* StyleTestController.h */ = {isa = PBXFileReference; fileEncoding = 4; lastKnownFileType = sourcecode.c.h; name = StyleTestController.h; path = Source/Classes/Controllers/StyleTestController.h; sourceTree = SOURCE_ROOT; };
		63A381861041566F00E4CBB5 /* StyleTestController.m */ = {isa = PBXFileReference; fileEncoding = 4; lastKnownFileType = sourcecode.c.objc; path = StyleTestController.m; sourceTree = "<group>"; };
		63A381871041566F00E4CBB5 /* TabBarTestController.h */ = {isa = PBXFileReference; fileEncoding = 4; lastKnownFileType = sourcecode.c.h; name = TabBarTestController.h; path = Source/Classes/Controllers/TabBarTestController.h; sourceTree = SOURCE_ROOT; };
		63A381881041566F00E4CBB5 /* TabBarTestController.m */ = {isa = PBXFileReference; fileEncoding = 4; lastKnownFileType = sourcecode.c.objc; path = TabBarTestController.m; sourceTree = "<group>"; };
		63A381891041566F00E4CBB5 /* TableControlsTestController.h */ = {isa = PBXFileReference; fileEncoding = 4; lastKnownFileType = sourcecode.c.h; name = TableControlsTestController.h; path = Source/Classes/Controllers/TableControlsTestController.h; sourceTree = SOURCE_ROOT; };
		63A3818A1041566F00E4CBB5 /* TableControlsTestController.m */ = {isa = PBXFileReference; fileEncoding = 4; lastKnownFileType = sourcecode.c.objc; path = TableControlsTestController.m; sourceTree = "<group>"; };
		63A3818B1041566F00E4CBB5 /* TableImageTestController.h */ = {isa = PBXFileReference; fileEncoding = 4; lastKnownFileType = sourcecode.c.h; name = TableImageTestController.h; path = Source/Classes/Controllers/TableImageTestController.h; sourceTree = SOURCE_ROOT; };
		63A3818C1041566F00E4CBB5 /* TableImageTestController.m */ = {isa = PBXFileReference; fileEncoding = 4; lastKnownFileType = sourcecode.c.objc; path = TableImageTestController.m; sourceTree = "<group>"; };
		63A3818D1041566F00E4CBB5 /* TableItemTestController.h */ = {isa = PBXFileReference; fileEncoding = 4; lastKnownFileType = sourcecode.c.h; name = TableItemTestController.h; path = Source/Classes/Controllers/TableItemTestController.h; sourceTree = SOURCE_ROOT; };
		63A3818E1041566F00E4CBB5 /* TableItemTestController.m */ = {isa = PBXFileReference; fileEncoding = 4; lastKnownFileType = sourcecode.c.objc; path = TableItemTestController.m; sourceTree = "<group>"; };
		63A3818F1041566F00E4CBB5 /* TableTestController.h */ = {isa = PBXFileReference; fileEncoding = 4; lastKnownFileType = sourcecode.c.h; name = TableTestController.h; path = Source/Classes/Controllers/TableTestController.h; sourceTree = SOURCE_ROOT; };
		63A381901041566F00E4CBB5 /* TableTestController.m */ = {isa = PBXFileReference; fileEncoding = 4; lastKnownFileType = sourcecode.c.objc; path = TableTestController.m; sourceTree = "<group>"; };
		63A9E1EE1047B5BE007FF732 /* HolidayCalendarDataSource.h */ = {isa = PBXFileReference; fileEncoding = 4; lastKnownFileType = sourcecode.c.h; name = HolidayCalendarDataSource.h; path = Source/Classes/Model/HolidayCalendarDataSource.h; sourceTree = SOURCE_ROOT; };
		63A9E1EF1047B5BE007FF732 /* HolidayCalendarDataSource.m */ = {isa = PBXFileReference; fileEncoding = 4; lastKnownFileType = sourcecode.c.objc; path = HolidayCalendarDataSource.m; sourceTree = "<group>"; };
		63A9E1F21047B62C007FF732 /* CalendarTestController.h */ = {isa = PBXFileReference; fileEncoding = 4; lastKnownFileType = sourcecode.c.h; name = CalendarTestController.h; path = Source/Classes/Controllers/CalendarTestController.h; sourceTree = SOURCE_ROOT; };
		63A9E1F31047B62C007FF732 /* CalendarTestController.m */ = {isa = PBXFileReference; fileEncoding = 4; lastKnownFileType = sourcecode.c.objc; path = CalendarTestController.m; sourceTree = "<group>"; };
		63B47A38108EDB8000C2D5B5 /* PanelTestController.h */ = {isa = PBXFileReference; fileEncoding = 4; lastKnownFileType = sourcecode.c.h; path = PanelTestController.h; sourceTree = "<group>"; };
		63B47A39108EDB8000C2D5B5 /* PanelTestController.m */ = {isa = PBXFileReference; fileEncoding = 4; lastKnownFileType = sourcecode.c.objc; path = PanelTestController.m; sourceTree = "<group>"; };
		63B6A8BB104146B10049EC9C /* Settings.xcconfig */ = {isa = PBXFileReference; fileEncoding = 4; lastKnownFileType = text.xcconfig; name = Settings.xcconfig; path = Configurations/Settings.xcconfig; sourceTree = SOURCE_ROOT; };
		63E15EA210450713000F4135 /* UXDatacase.png */ = {isa = PBXFileReference; lastKnownFileType = image.png; path = UXDatacase.png; sourceTree = "<group>"; };
		63E15EA310450713000F4135 /* UXEnvelope.png */ = {isa = PBXFileReference; lastKnownFileType = image.png; name = UXEnvelope.png; path = Source/Resources/Media/Icon/UXEnvelope.png; sourceTree = SOURCE_ROOT; };
		63E15EA410450713000F4135 /* UXGame.png */ = {isa = PBXFileReference; lastKnownFileType = image.png; name = UXGame.png; path = Source/Resources/Media/Icon/UXGame.png; sourceTree = SOURCE_ROOT; };
		63E15EA510450713000F4135 /* UXMovie.png */ = {isa = PBXFileReference; lastKnownFileType = image.png; name = UXMovie.png; path = Source/Resources/Media/Icon/UXMovie.png; sourceTree = SOURCE_ROOT; };
		63E15EA610450713000F4135 /* UXNewspaper.png */ = {isa = PBXFileReference; lastKnownFileType = image.png; name = UXNewspaper.png; path = Source/Resources/Media/Icon/UXNewspaper.png; sourceTree = SOURCE_ROOT; };
		63E15EA710450713000F4135 /* UXRadio.png */ = {isa = PBXFileReference; lastKnownFileType = image.png; name = UXRadio.png; path = Source/Resources/Media/Icon/UXRadio.png; sourceTree = SOURCE_ROOT; };
		63E15EA810450713000F4135 /* UXRecorder.png */ = {isa = PBXFileReference; lastKnownFileType = image.png; name = UXRecorder.png; path = Source/Resources/Media/Icon/UXRecorder.png; sourceTree = SOURCE_ROOT; };
		63E15EA910450713000F4135 /* UXStore.png */ = {isa = PBXFileReference; lastKnownFileType = image.png; name = UXStore.png; path = Source/Resources/Media/Icon/UXStore.png; sourceTree = SOURCE_ROOT; };
		63E15EB41045072B000F4135 /* UXMoleskine.png */ = {isa = PBXFileReference; lastKnownFileType = image.png; name = UXMoleskine.png; path = Source/Resources/Media/Icon/UXMoleskine.png; sourceTree = SOURCE_ROOT; };
		63E513E610ABEA9700DB9A80 /* UXCatalogController.h */ = {isa = PBXFileReference; fileEncoding = 4; lastKnownFileType = sourcecode.c.h; name = UXCatalogController.h; path = Source/Classes/ApplicationDelegate/Classes/UXCatalogController.h; sourceTree = SOURCE_ROOT; };
		63E513E710ABEA9700DB9A80 /* UXCatalogController.m */ = {isa = PBXFileReference; fileEncoding = 4; lastKnownFileType = sourcecode.c.objc; path = UXCatalogController.m; sourceTree = "<group>"; };
/* End PBXFileReference section */

/* Begin PBXFrameworksBuildPhase section */
		1D60588F0D05DD3D006BFB54 /* Frameworks */ = {
			isa = PBXFrameworksBuildPhase;
			buildActionMask = 2147483647;
			files = (
				1D60589F0D05DD5A006BFB54 /* Foundation.framework in Frameworks */,
				1DF5F4E00D08C38300B7A737 /* UIKit.framework in Frameworks */,
				288765FD0DF74451002DB57D /* CoreGraphics.framework in Frameworks */,
				6384382F1040F1D700D29404 /* CoreData.framework in Frameworks */,
				6384383F1040F1D700D29404 /* QuartzCore.framework in Frameworks */,
				63AA60BB109D3DB000420C25 /* SystemConfiguration.framework in Frameworks */,
				63AA60BC109D3DB200420C25 /* MessageUI.framework in Frameworks */,
				63AA60BD109D3DB400420C25 /* MediaPlayer.framework in Frameworks */,
				63AA60BE109D3DB600420C25 /* MapKit.framework in Frameworks */,
				63AA60BF109D3DB900420C25 /* CoreLocation.framework in Frameworks */,
				63AA60C0109D3DBB00420C25 /* AVFoundation.framework in Frameworks */,
			);
			runOnlyForDeploymentPostprocessing = 0;
		};
		638439631040F81500D29404 /* Frameworks */ = {
			isa = PBXFrameworksBuildPhase;
			buildActionMask = 2147483647;
			files = (
				638439851040FA6A00D29404 /* SenTestingKit.framework in Frameworks */,
				638439881040FA7900D29404 /* UIKit.framework in Frameworks */,
				638439891040FA7A00D29404 /* Foundation.framework in Frameworks */,
				6384398A1040FA7F00D29404 /* QuartzCore.framework in Frameworks */,
				6384398B1040FA8200D29404 /* CoreData.framework in Frameworks */,
			);
			runOnlyForDeploymentPostprocessing = 0;
		};
/* End PBXFrameworksBuildPhase section */

/* Begin PBXGroup section */
		19C28FACFE9D520D11CA2CBB /* Products */ = {
			isa = PBXGroup;
			children = (
				1D6058910D05DD3D006BFB54 /* Catalog.app */,
				638439661040F81500D29404 /* UXCatalogUnitTests.octest */,
			);
			name = Products;
			sourceTree = "<group>";
		};
		29B97314FDCFA39411CA2CEA /* CustomTemplate */ = {
			isa = PBXGroup;
			children = (
				19C28FACFE9D520D11CA2CBB /* Products */,
				638438001040EADF00D29404 /* References */,
				638438041040EB4100D29404 /* Configurations */,
				638438141040EB5400D29404 /* Project */,
				638438171040EB5400D29404 /* Resources */,
				6384396E1040F86800D29404 /* UnitTests */,
				638438091040EB5400D29404 /* Classes */,
			);
			name = CustomTemplate;
			sourceTree = "<group>";
		};
		29B97323FDCFA39411CA2CEA /* Frameworks */ = {
			isa = PBXGroup;
			children = (
				6384382A1040F1D700D29404 /* AVFoundation.framework */,
				6384382C1040F1D700D29404 /* CFNetwork.framework */,
				6384382E1040F1D700D29404 /* CoreData.framework */,
				638438301040F1D700D29404 /* CoreFoundation.framework */,
				288765FC0DF74451002DB57D /* CoreGraphics.framework */,
				638438321040F1D700D29404 /* CoreLocation.framework */,
				1D30AB110D05D00D00671497 /* Foundation.framework */,
				638438341040F1D700D29404 /* GameKit.framework */,
				638438361040F1D700D29404 /* MapKit.framework */,
				638438381040F1D700D29404 /* MediaPlayer.framework */,
				6384383A1040F1D700D29404 /* MessageUI.framework */,
				6384383C1040F1D700D29404 /* MobileCoreServices.framework */,
				6384383E1040F1D700D29404 /* QuartzCore.framework */,
				638438401040F1D700D29404 /* Security.framework */,
				638438421040F1D700D29404 /* SystemConfiguration.framework */,
				1DF5F4DF0D08C38300B7A737 /* UIKit.framework */,
			);
			name = Frameworks;
			sourceTree = "<group>";
		};
		6313A48D1095532E00B7B527 /* Content */ = {
			isa = PBXGroup;
			children = (
				6313A4A5109557BF00B7B527 /* StyledTextViewControllerTest.html */,
			);
			name = Content;
			path = Source/Resources/Content;
			sourceTree = SOURCE_ROOT;
		};
		633433151043ABA200F30402 /* Source */ = {
			isa = PBXGroup;
			children = (
				6384380D1040EB5400D29404 /* UXCatalogApplicationDelegate.m */,
				63E513E710ABEA9700DB9A80 /* UXCatalogController.m */,
			);
			name = Source;
			sourceTree = "<group>";
		};
		6365801A1048CB5500844D9A /* Source */ = {
			isa = PBXGroup;
			children = (
				63A9E1EF1047B5BE007FF732 /* HolidayCalendarDataSource.m */,
				63A381681041566500E4CBB5 /* MockDataSource.m */,
				63A3816A1041566500E4CBB5 /* MockPhotoSource.m */,
			);
			name = Source;
			sourceTree = "<group>";
		};
		638438001040EADF00D29404 /* References */ = {
			isa = PBXGroup;
			children = (
				29B97323FDCFA39411CA2CEA /* Frameworks */,
				6384390D1040F20300D29404 /* Libraries */,
				6384390E1040F20A00D29404 /* Projects */,
				6384395C1040F70800D29404 /* UnitTest */,
			);
			name = References;
			sourceTree = "<group>";
		};
		638438041040EB4100D29404 /* Configurations */ = {
			isa = PBXGroup;
			children = (
				63B6A8BB104146B10049EC9C /* Settings.xcconfig */,
				638438071040EB4100D29404 /* Project.xcconfig */,
				638438061040EB4100D29404 /* Application.xcconfig */,
				638438081040EB4100D29404 /* UnitTests.xcconfig */,
			);
			path = Configurations;
			sourceTree = SOURCE_ROOT;
		};
		638438091040EB5400D29404 /* Classes */ = {
			isa = PBXGroup;
			children = (
				6384380A1040EB5400D29404 /* ApplicationDelegate */,
				638438121040EB5400D29404 /* Model */,
				638438111040EB5400D29404 /* Controllers */,
			);
			name = Classes;
			path = Source/Classes;
			sourceTree = SOURCE_ROOT;
		};
		6384380A1040EB5400D29404 /* ApplicationDelegate */ = {
			isa = PBXGroup;
			children = (
				6384380B1040EB5400D29404 /* Classes */,
				6384380E1040EB5400D29404 /* Resources */,
			);
			name = ApplicationDelegate;
			path = Source/Classes/ApplicationDelegate;
			sourceTree = SOURCE_ROOT;
		};
		6384380B1040EB5400D29404 /* Classes */ = {
			isa = PBXGroup;
			children = (
				6384380C1040EB5400D29404 /* UXCatalogApplicationDelegate.h */,
				63E513E610ABEA9700DB9A80 /* UXCatalogController.h */,
				633433151043ABA200F30402 /* Source */,
			);
			name = Classes;
			path = Source/Classes/ApplicationDelegate/Classes;
			sourceTree = SOURCE_ROOT;
		};
		6384380E1040EB5400D29404 /* Resources */ = {
			isa = PBXGroup;
			children = (
				6384380F1040EB5400D29404 /* PropertyLists */,
			);
			name = Resources;
			path = Source/Classes/ApplicationDelegate/Resources;
			sourceTree = SOURCE_ROOT;
		};
		6384380F1040EB5400D29404 /* PropertyLists */ = {
			isa = PBXGroup;
			children = (
				638438101040EB5400D29404 /* UXCatalog.plist */,
			);
			name = PropertyLists;
			path = Source/Classes/ApplicationDelegate/Resources/PropertyLists;
			sourceTree = SOURCE_ROOT;
		};
		638438111040EB5400D29404 /* Controllers */ = {
			isa = PBXGroup;
			children = (
				63A3816D1041566F00E4CBB5 /* ActivityTestController.h */,
				63A3816F1041566F00E4CBB5 /* ButtonTestController.h */,
				63A9E1F21047B62C007FF732 /* CalendarTestController.h */,
				63A381751041566F00E4CBB5 /* ImageTest1Controller.h */,
				6354FEA6107D5DFA006831CE /* LauncherViewSplashController.h */,
				63900EE01041E0A4002FDE89 /* LauncherViewTestController.h */,
				63A381771041566F00E4CBB5 /* MessageTestController.h */,
				63B47A38108EDB8000C2D5B5 /* PanelTestController.h */,
				63A381791041566F00E4CBB5 /* PhotoTest1Controller.h */,
				63A3817B1041566F00E4CBB5 /* PhotoTest2Controller.h */,
				63A3817D1041566F00E4CBB5 /* ScrollViewTestController.h */,
				63A3817F1041566F00E4CBB5 /* SearchTestController.h */,
				63A381811041566F00E4CBB5 /* StyledTextTableTestController.h */,
				63A381831041566F00E4CBB5 /* StyledTextTestController.h */,
				6313A4811095529100B7B527 /* StyledTextTestViewController.h */,
				63A381851041566F00E4CBB5 /* StyleTestController.h */,
				63A381871041566F00E4CBB5 /* TabBarTestController.h */,
				6334330F1043AB6600F30402 /* TabButtonBarTestController.h */,
				63A381891041566F00E4CBB5 /* TableControlsTestController.h */,
				63A3818B1041566F00E4CBB5 /* TableImageTestController.h */,
				63A3818D1041566F00E4CBB5 /* TableItemTestController.h */,
				63A3818F1041566F00E4CBB5 /* TableTestController.h */,
				638F36AD108C30D80021685E /* TextBarTestController.h */,
				63A381AB1041573C00E4CBB5 /* Source */,
			);
			name = Controllers;
			path = Source/Classes/Controllers;
			sourceTree = SOURCE_ROOT;
		};
		638438121040EB5400D29404 /* Model */ = {
			isa = PBXGroup;
			children = (
				63A9E1EE1047B5BE007FF732 /* HolidayCalendarDataSource.h */,
				63A381671041566500E4CBB5 /* MockDataSource.h */,
				63A381691041566500E4CBB5 /* MockPhotoSource.h */,
				6365801A1048CB5500844D9A /* Source */,
			);
			name = Model;
			path = Source/Classes/Model;
			sourceTree = SOURCE_ROOT;
		};
		638438141040EB5400D29404 /* Project */ = {
			isa = PBXGroup;
			children = (
				638438151040EB5400D29404 /* UXCatalog.pch */,
				638438161040EB5400D29404 /* main.m */,
			);
			name = Project;
			path = Source/Project;
			sourceTree = SOURCE_ROOT;
		};
		638438171040EB5400D29404 /* Resources */ = {
			isa = PBXGroup;
			children = (
				638F2F46108AD9A90021685E /* Bundles */,
				6313A48D1095532E00B7B527 /* Content */,
				638438181040EB5400D29404 /* Localizations */,
				6384381D1040EB5400D29404 /* Media */,
				6384381F1040EB5400D29404 /* PropertyLists */,
			);
			name = Resources;
			path = Source/Resources;
			sourceTree = SOURCE_ROOT;
		};
		638438181040EB5400D29404 /* Localizations */ = {
			isa = PBXGroup;
			children = (
				638438191040EB5400D29404 /* InfoPlist.strings */,
				6384381B1040EB5400D29404 /* Localizable.strings */,
			);
			name = Localizations;
			path = Source/Resources/Localizations;
			sourceTree = SOURCE_ROOT;
		};
		6384381D1040EB5400D29404 /* Media */ = {
			isa = PBXGroup;
			children = (
				6391EF2C104235A100FF45CC /* Images */,
				6384381E1040EB5400D29404 /* Icon */,
			);
			name = Media;
			path = Source/Resources/Media;
			sourceTree = SOURCE_ROOT;
		};
		6384381E1040EB5400D29404 /* Icon */ = {
			isa = PBXGroup;
			children = (
				6313A45B1095507B00B7B527 /* UXBoard.png */,
				6313A45C1095507B00B7B527 /* UXBook.png */,
				6313A45D1095507B00B7B527 /* UXCalendar.png */,
				6334326310439AC500F30402 /* UXCatalog.png */,
				63E15EA210450713000F4135 /* UXDatacase.png */,
				63E15EA310450713000F4135 /* UXEnvelope.png */,
				63E15EA410450713000F4135 /* UXGame.png */,
				6313A45E1095507B00B7B527 /* UXMap.png */,
				63E15EB41045072B000F4135 /* UXMoleskine.png */,
				63E15EA510450713000F4135 /* UXMovie.png */,
				6313A45F1095507B00B7B527 /* UXNetwork.png */,
				63E15EA610450713000F4135 /* UXNewspaper.png */,
				6313A4601095507B00B7B527 /* UXPicker.png */,
				63E15EA710450713000F4135 /* UXRadio.png */,
				63E15EA810450713000F4135 /* UXRecorder.png */,
				63E15EA910450713000F4135 /* UXStore.png */,
				6313A4611095507B00B7B527 /* UXTransit.png */,
				6313A4621095507B00B7B527 /* UXTube.png */,
			);
			name = Icon;
			path = Source/Resources/Media/Icon;
			sourceTree = SOURCE_ROOT;
		};
		6384381F1040EB5400D29404 /* PropertyLists */ = {
			isa = PBXGroup;
			children = (
			);
			name = PropertyLists;
			path = Source/Resources/PropertyLists;
			sourceTree = SOURCE_ROOT;
		};
		6384390D1040F20300D29404 /* Libraries */ = {
			isa = PBXGroup;
			children = (
				6384390F1040F24D00D29404 /* libbz2.dylib */,
				638439111040F24D00D29404 /* libxml2.dylib */,
				638439131040F24D00D29404 /* libz.dylib */,
			);
			name = Libraries;
			sourceTree = "<group>";
		};
		6384390E1040F20A00D29404 /* Projects */ = {
			isa = PBXGroup;
			children = (
			);
			name = Projects;
			sourceTree = "<group>";
		};
		6384395C1040F70800D29404 /* UnitTest */ = {
			isa = PBXGroup;
			children = (
				6384392B1040F3BE00D29404 /* SenTestingKit.framework */,
			);
			name = UnitTest;
			sourceTree = "<group>";
		};
		6384396E1040F86800D29404 /* UnitTests */ = {
			isa = PBXGroup;
			children = (
				6384396F1040F86800D29404 /* Classes */,
				638439711040F86800D29404 /* Resources */,
			);
			name = UnitTests;
			path = Source/UnitTests;
			sourceTree = SOURCE_ROOT;
		};
		6384396F1040F86800D29404 /* Classes */ = {
			isa = PBXGroup;
			children = (
				638439761040F89300D29404 /* UXCatalogUnitTest.m */,
			);
			name = Classes;
			path = Source/UnitTests/Classes;
			sourceTree = SOURCE_ROOT;
		};
		638439711040F86800D29404 /* Resources */ = {
			isa = PBXGroup;
			children = (
				638439721040F86800D29404 /* Fixtures */,
				638439731040F86800D29404 /* PropertyLists */,
			);
			name = Resources;
			path = Source/UnitTests/Resources;
			sourceTree = SOURCE_ROOT;
		};
		638439721040F86800D29404 /* Fixtures */ = {
			isa = PBXGroup;
			children = (
			);
			name = Fixtures;
			path = Source/UnitTests/Resources/Fixtures;
			sourceTree = SOURCE_ROOT;
		};
		638439731040F86800D29404 /* PropertyLists */ = {
			isa = PBXGroup;
			children = (
				638439741040F86800D29404 /* UnitTests-Info.plist */,
			);
			name = PropertyLists;
			path = Source/UnitTests/Resources/PropertyLists;
			sourceTree = SOURCE_ROOT;
		};
		638F2F46108AD9A90021685E /* Bundles */ = {
			isa = PBXGroup;
			children = (
				638F2F47108AD9A90021685E /* Settings.bundle */,
			);
			name = Bundles;
			path = Source/Resources/Bundles;
			sourceTree = SOURCE_ROOT;
		};
		6391EF2C104235A100FF45CC /* Images */ = {
			isa = PBXGroup;
			children = (
				6391EF2D104235A100FF45CC /* camera.png */,
				6391EF2E104235A100FF45CC /* defaultMusic.png */,
				6391EF2F104235A100FF45CC /* defaultPerson.png */,
				6391EF30104235A100FF45CC /* Icon.png */,
				6391EF31104235A100FF45CC /* iphone.png */,
				6391EF32104235A100FF45CC /* mask.png */,
				6391EF33104235A100FF45CC /* person.jpg */,
				6391EF34104235A100FF45CC /* smiley.png */,
				6391EF35104235A100FF45CC /* swirl.png */,
				6391EF36104235A100FF45CC /* tableIcon.png */,
			);
			name = Images;
			path = Source/Resources/Media/Images;
			sourceTree = SOURCE_ROOT;
		};
		63A381AB1041573C00E4CBB5 /* Source */ = {
			isa = PBXGroup;
			children = (
				63A3816E1041566F00E4CBB5 /* ActivityTestController.m */,
				63A381701041566F00E4CBB5 /* ButtonTestController.m */,
				63A9E1F31047B62C007FF732 /* CalendarTestController.m */,
				63A381761041566F00E4CBB5 /* ImageTest1Controller.m */,
				6354FEA7107D5DFA006831CE /* LauncherViewSplashController.m */,
				63900EE11041E0A4002FDE89 /* LauncherViewTestController.m */,
				63A381781041566F00E4CBB5 /* MessageTestController.m */,
				63B47A39108EDB8000C2D5B5 /* PanelTestController.m */,
				63A3817A1041566F00E4CBB5 /* PhotoTest1Controller.m */,
				63A3817C1041566F00E4CBB5 /* PhotoTest2Controller.m */,
				63A3817E1041566F00E4CBB5 /* ScrollViewTestController.m */,
				63A381801041566F00E4CBB5 /* SearchTestController.m */,
				63A381821041566F00E4CBB5 /* StyledTextTableTestController.m */,
				63A381841041566F00E4CBB5 /* StyledTextTestController.m */,
				6313A4821095529100B7B527 /* StyledTextTestViewController.m */,
				63A381861041566F00E4CBB5 /* StyleTestController.m */,
				63A381881041566F00E4CBB5 /* TabBarTestController.m */,
				633433101043AB6600F30402 /* TabButtonBarTestController.m */,
				63A3818A1041566F00E4CBB5 /* TableControlsTestController.m */,
				63A3818C1041566F00E4CBB5 /* TableImageTestController.m */,
				63A3818E1041566F00E4CBB5 /* TableItemTestController.m */,
				63A381901041566F00E4CBB5 /* TableTestController.m */,
				638F36AE108C30D80021685E /* TextBarTestController.m */,
			);
			name = Source;
			sourceTree = "<group>";
		};
/* End PBXGroup section */

/* Begin PBXNativeTarget section */
		1D6058900D05DD3D006BFB54 /* UXCatalog */ = {
			isa = PBXNativeTarget;
			buildConfigurationList = 1D6058960D05DD3E006BFB54 /* Build configuration list for PBXNativeTarget "UXCatalog" */;
			buildPhases = (
				1D60588E0D05DD3D006BFB54 /* Sources */,
				1D60588D0D05DD3D006BFB54 /* Resources */,
				1D60588F0D05DD3D006BFB54 /* Frameworks */,
				638438031040EAF800D29404 /* Copy Resource Bundles */,
			);
			buildRules = (
			);
			dependencies = (
			);
			name = UXCatalog;
			productName = UXCatalog;
			productReference = 1D6058910D05DD3D006BFB54 /* Catalog.app */;
			productType = "com.apple.product-type.application";
		};
		638439651040F81500D29404 /* UXCatalogUnitTests */ = {
			isa = PBXNativeTarget;
			buildConfigurationList = 6384396C1040F81600D29404 /* Build configuration list for PBXNativeTarget "UXCatalogUnitTests" */;
			buildPhases = (
				638439611040F81500D29404 /* Resources */,
				638439621040F81500D29404 /* Sources */,
				638439631040F81500D29404 /* Frameworks */,
				638439641040F81500D29404 /* ShellScript */,
			);
			buildRules = (
			);
			dependencies = (
				6384397A1040F9F000D29404 /* PBXTargetDependency */,
			);
			name = UXCatalogUnitTests;
			productName = UXCatalogUnitTests;
			productReference = 638439661040F81500D29404 /* UXCatalogUnitTests.octest */;
			productType = "com.apple.product-type.bundle";
		};
/* End PBXNativeTarget section */

/* Begin PBXProject section */
		29B97313FDCFA39411CA2CEA /* Project object */ = {
			isa = PBXProject;
			attributes = {
				ORGANIZATIONNAME = semantap;
			};
			buildConfigurationList = C01FCF4E08A954540054247B /* Build configuration list for PBXProject "UXCatalog" */;
			compatibilityVersion = "Xcode 3.1";
			hasScannedForEncodings = 1;
			knownRegions = (
				English,
				Japanese,
				French,
				German,
				en,
			);
			mainGroup = 29B97314FDCFA39411CA2CEA /* CustomTemplate */;
			projectDirPath = "";
			projectRoot = "";
			targets = (
				1D6058900D05DD3D006BFB54 /* UXCatalog */,
				638439651040F81500D29404 /* UXCatalogUnitTests */,
			);
		};
/* End PBXProject section */

/* Begin PBXResourcesBuildPhase section */
		1D60588D0D05DD3D006BFB54 /* Resources */ = {
			isa = PBXResourcesBuildPhase;
			buildActionMask = 2147483647;
			files = (
				6384395F1040F75F00D29404 /* Localizable.strings in Resources */,
				638439601040F76100D29404 /* InfoPlist.strings in Resources */,
				6391EF37104235A100FF45CC /* camera.png in Resources */,
				6391EF38104235A100FF45CC /* defaultMusic.png in Resources */,
				6391EF39104235A100FF45CC /* defaultPerson.png in Resources */,
				6391EF3A104235A100FF45CC /* Icon.png in Resources */,
				6391EF3B104235A100FF45CC /* iphone.png in Resources */,
				6391EF3C104235A100FF45CC /* mask.png in Resources */,
				6391EF3D104235A100FF45CC /* person.jpg in Resources */,
				6391EF3E104235A100FF45CC /* smiley.png in Resources */,
				6391EF3F104235A100FF45CC /* swirl.png in Resources */,
				6391EF40104235A100FF45CC /* tableIcon.png in Resources */,
				6334326410439AC500F30402 /* UXCatalog.png in Resources */,
				63E15EAA10450713000F4135 /* UXDatacase.png in Resources */,
				63E15EAB10450713000F4135 /* UXEnvelope.png in Resources */,
				63E15EAC10450713000F4135 /* UXGame.png in Resources */,
				63E15EAD10450713000F4135 /* UXMovie.png in Resources */,
				63E15EAE10450713000F4135 /* UXNewspaper.png in Resources */,
				63E15EAF10450713000F4135 /* UXRadio.png in Resources */,
				63E15EB010450713000F4135 /* UXRecorder.png in Resources */,
				63E15EB110450713000F4135 /* UXStore.png in Resources */,
				63E15EB51045072B000F4135 /* UXMoleskine.png in Resources */,
				638F2F48108AD9A90021685E /* Settings.bundle in Resources */,
				6313A4631095507B00B7B527 /* UXBoard.png in Resources */,
				6313A4641095507B00B7B527 /* UXBook.png in Resources */,
				6313A4651095507B00B7B527 /* UXCalendar.png in Resources */,
				6313A4661095507B00B7B527 /* UXMap.png in Resources */,
				6313A4671095507B00B7B527 /* UXNetwork.png in Resources */,
				6313A4681095507B00B7B527 /* UXPicker.png in Resources */,
				6313A4691095507B00B7B527 /* UXTransit.png in Resources */,
				6313A46A1095507B00B7B527 /* UXTube.png in Resources */,
				6313A4A6109557BF00B7B527 /* StyledTextViewControllerTest.html in Resources */,
			);
			runOnlyForDeploymentPostprocessing = 0;
		};
		638439611040F81500D29404 /* Resources */ = {
			isa = PBXResourcesBuildPhase;
			buildActionMask = 2147483647;
			files = (
			);
			runOnlyForDeploymentPostprocessing = 0;
		};
/* End PBXResourcesBuildPhase section */

/* Begin PBXShellScriptBuildPhase section */
		638438031040EAF800D29404 /* Copy Resource Bundles */ = {
			isa = PBXShellScriptBuildPhase;
			buildActionMask = 2147483647;
			files = (
			);
			inputPaths = (
			);
			name = "Copy Resource Bundles";
			outputPaths = (
			);
			runOnlyForDeploymentPostprocessing = 0;
			shellPath = /bin/tcsh;
			shellScript = "\nrm -dRfv ${CONTENTS_FOLDER_PATH}/UXKit.bundle\ncp -Rfv ${BUILD_SHARED_BUNDLES_PATH}/UXKit.bundle ${BUILT_PRODUCTS_DIR}/${FULL_PRODUCT_NAME}";
		};
		638439641040F81500D29404 /* ShellScript */ = {
			isa = PBXShellScriptBuildPhase;
			buildActionMask = 2147483647;
			files = (
			);
			inputPaths = (
			);
			outputPaths = (
			);
			runOnlyForDeploymentPostprocessing = 0;
			shellPath = /bin/sh;
			shellScript = "# Run the unit tests in this test bundle.\n\"${SYSTEM_DEVELOPER_DIR}/Tools/RunUnitTests\"\n";
		};
/* End PBXShellScriptBuildPhase section */

/* Begin PBXSourcesBuildPhase section */
		1D60588E0D05DD3D006BFB54 /* Sources */ = {
			isa = PBXSourcesBuildPhase;
			buildActionMask = 2147483647;
			files = (
				6384395D1040F72C00D29404 /* UXCatalogApplicationDelegate.m in Sources */,
				6384395E1040F72D00D29404 /* main.m in Sources */,
				63A3816B1041566500E4CBB5 /* MockDataSource.m in Sources */,
				63A3816C1041566500E4CBB5 /* MockPhotoSource.m in Sources */,
				63A381951041567000E4CBB5 /* ActivityTestController.m in Sources */,
				63A381961041567000E4CBB5 /* ButtonTestController.m in Sources */,
				63A381991041567000E4CBB5 /* ImageTest1Controller.m in Sources */,
				63A3819A1041567000E4CBB5 /* MessageTestController.m in Sources */,
				63A3819B1041567000E4CBB5 /* PhotoTest1Controller.m in Sources */,
				63A3819C1041567000E4CBB5 /* PhotoTest2Controller.m in Sources */,
				63A3819D1041567000E4CBB5 /* ScrollViewTestController.m in Sources */,
				63A3819E1041567000E4CBB5 /* SearchTestController.m in Sources */,
				63A3819F1041567000E4CBB5 /* StyledTextTableTestController.m in Sources */,
				63A381A01041567000E4CBB5 /* StyledTextTestController.m in Sources */,
				63A381A11041567000E4CBB5 /* StyleTestController.m in Sources */,
				63A381A21041567000E4CBB5 /* TabBarTestController.m in Sources */,
				63A381A31041567000E4CBB5 /* TableControlsTestController.m in Sources */,
				63A381A41041567000E4CBB5 /* TableImageTestController.m in Sources */,
				63A381A51041567000E4CBB5 /* TableItemTestController.m in Sources */,
				63A381A61041567000E4CBB5 /* TableTestController.m in Sources */,
				63900EE21041E0A4002FDE89 /* LauncherViewTestController.m in Sources */,
				633433111043AB6600F30402 /* TabButtonBarTestController.m in Sources */,
				63A9E26D10488C6A007FF732 /* CalendarTestController.m in Sources */,
				63A9E27210488C82007FF732 /* HolidayCalendarDataSource.m in Sources */,
				6354FEA8107D5DFA006831CE /* LauncherViewSplashController.m in Sources */,
				638F36AF108C30D80021685E /* TextBarTestController.m in Sources */,
				63B47A3A108EDB8000C2D5B5 /* PanelTestController.m in Sources */,
				6313A4831095529100B7B527 /* StyledTextTestViewController.m in Sources */,
				63E513E810ABEA9700DB9A80 /* UXCatalogController.m in Sources */,
			);
			runOnlyForDeploymentPostprocessing = 0;
		};
		638439621040F81500D29404 /* Sources */ = {
			isa = PBXSourcesBuildPhase;
			buildActionMask = 2147483647;
			files = (
				638439771040F89300D29404 /* UXCatalogUnitTest.m in Sources */,
			);
			runOnlyForDeploymentPostprocessing = 0;
		};
/* End PBXSourcesBuildPhase section */

/* Begin PBXTargetDependency section */
		6384397A1040F9F000D29404 /* PBXTargetDependency */ = {
			isa = PBXTargetDependency;
			target = 1D6058900D05DD3D006BFB54 /* UXCatalog */;
			targetProxy = 638439791040F9F000D29404 /* PBXContainerItemProxy */;
		};
/* End PBXTargetDependency section */

/* Begin PBXVariantGroup section */
		638438191040EB5400D29404 /* InfoPlist.strings */ = {
			isa = PBXVariantGroup;
			children = (
				6384381A1040EB5400D29404 /* en */,
			);
			name = InfoPlist.strings;
			path = Source/Resources/Localizations;
			sourceTree = SOURCE_ROOT;
		};
		6384381B1040EB5400D29404 /* Localizable.strings */ = {
			isa = PBXVariantGroup;
			children = (
				6384381C1040EB5400D29404 /* en */,
			);
			name = Localizable.strings;
			path = Source/Resources/Localizations;
			sourceTree = SOURCE_ROOT;
		};
/* End PBXVariantGroup section */

/* Begin XCBuildConfiguration section */
		1D6058940D05DD3E006BFB54 /* Debug */ = {
			isa = XCBuildConfiguration;
			baseConfigurationReference = 638438061040EB4100D29404 /* Application.xcconfig */;
			buildSettings = {
				COPY_PHASE_STRIP = NO;
				GCC_DYNAMIC_NO_PIC = NO;
				GCC_OPTIMIZATION_LEVEL = 0;
			};
			name = Debug;
		};
		1D6058950D05DD3E006BFB54 /* Release */ = {
			isa = XCBuildConfiguration;
			baseConfigurationReference = 638438061040EB4100D29404 /* Application.xcconfig */;
			buildSettings = {
				COPY_PHASE_STRIP = YES;
			};
			name = Release;
		};
		638438261040F0FF00D29404 /* Profile */ = {
			isa = XCBuildConfiguration;
			baseConfigurationReference = 638438071040EB4100D29404 /* Project.xcconfig */;
			buildSettings = {
			};
			name = Profile;
		};
		638438271040F0FF00D29404 /* Profile */ = {
			isa = XCBuildConfiguration;
			baseConfigurationReference = 638438061040EB4100D29404 /* Application.xcconfig */;
			buildSettings = {
				COPY_PHASE_STRIP = NO;
				GCC_DYNAMIC_NO_PIC = NO;
				GCC_OPTIMIZATION_LEVEL = 0;
			};
			name = Profile;
		};
		638438281040F10400D29404 /* Distribution */ = {
			isa = XCBuildConfiguration;
			baseConfigurationReference = 638438071040EB4100D29404 /* Project.xcconfig */;
			buildSettings = {
			};
			name = Distribution;
		};
		638438291040F10400D29404 /* Distribution */ = {
			isa = XCBuildConfiguration;
			baseConfigurationReference = 638438061040EB4100D29404 /* Application.xcconfig */;
			buildSettings = {
				COPY_PHASE_STRIP = YES;
			};
			name = Distribution;
		};
		638439681040F81600D29404 /* Debug */ = {
			isa = XCBuildConfiguration;
			baseConfigurationReference = 638438081040EB4100D29404 /* UnitTests.xcconfig */;
			buildSettings = {
				COPY_PHASE_STRIP = NO;
				GCC_OPTIMIZATION_LEVEL = 0;
			};
			name = Debug;
		};
		638439691040F81600D29404 /* Profile */ = {
			isa = XCBuildConfiguration;
			baseConfigurationReference = 638438081040EB4100D29404 /* UnitTests.xcconfig */;
			buildSettings = {
			};
			name = Profile;
		};
		6384396A1040F81600D29404 /* Release */ = {
			isa = XCBuildConfiguration;
			baseConfigurationReference = 638438081040EB4100D29404 /* UnitTests.xcconfig */;
			buildSettings = {
				COPY_PHASE_STRIP = YES;
			};
			name = Release;
		};
		6384396B1040F81600D29404 /* Distribution */ = {
			isa = XCBuildConfiguration;
			baseConfigurationReference = 638438081040EB4100D29404 /* UnitTests.xcconfig */;
			buildSettings = {
			};
			name = Distribution;
		};
		C01FCF4F08A954540054247B /* Debug */ = {
			isa = XCBuildConfiguration;
			baseConfigurationReference = 638438071040EB4100D29404 /* Project.xcconfig */;
			buildSettings = {
			};
			name = Debug;
		};
		C01FCF5008A954540054247B /* Release */ = {
			isa = XCBuildConfiguration;
			baseConfigurationReference = 638438071040EB4100D29404 /* Project.xcconfig */;
			buildSettings = {
			};
			name = Release;
		};
/* End XCBuildConfiguration section */

/* Begin XCConfigurationList section */
		1D6058960D05DD3E006BFB54 /* Build configuration list for PBXNativeTarget "UXCatalog" */ = {
			isa = XCConfigurationList;
			buildConfigurations = (
				1D6058940D05DD3E006BFB54 /* Debug */,
				638438271040F0FF00D29404 /* Profile */,
				1D6058950D05DD3E006BFB54 /* Release */,
				638438291040F10400D29404 /* Distribution */,
			);
			defaultConfigurationIsVisible = 0;
			defaultConfigurationName = Release;
		};
		6384396C1040F81600D29404 /* Build configuration list for PBXNativeTarget "UXCatalogUnitTests" */ = {
			isa = XCConfigurationList;
			buildConfigurations = (
				638439681040F81600D29404 /* Debug */,
				638439691040F81600D29404 /* Profile */,
				6384396A1040F81600D29404 /* Release */,
				6384396B1040F81600D29404 /* Distribution */,
			);
			defaultConfigurationIsVisible = 0;
			defaultConfigurationName = Release;
		};
		C01FCF4E08A954540054247B /* Build configuration list for PBXProject "UXCatalog" */ = {
			isa = XCConfigurationList;
			buildConfigurations = (
				C01FCF4F08A954540054247B /* Debug */,
				638438261040F0FF00D29404 /* Profile */,
				C01FCF5008A954540054247B /* Release */,
				638438281040F10400D29404 /* Distribution */,
			);
			defaultConfigurationIsVisible = 0;
			defaultConfigurationName = Release;
		};
/* End XCConfigurationList section */
	};
	rootObject = 29B97313FDCFA39411CA2CEA /* Project object */;
}
